// !$*UTF8*$!
{
	archiveVersion = 1;
	classes = {
	};
	objectVersion = 77;
	objects = {

/* Begin PBXBuildFile section */
		4907D6162EF7D88C00D820CF /* MenuScreenState.swift in Sources */ = {isa = PBXBuildFile; fileRef = 4907D6152EF7D88C00D820CF /* MenuScreenState.swift */; };
		4907D6182EF7DA0200D820CF /* MenuViewModel.swift in Sources */ = {isa = PBXBuildFile; fileRef = 4907D6172EF7DA0200D820CF /* MenuViewModel.swift */; };
		490998312E957037009ABC1D /* DependencyContainer.swift in Sources */ = {isa = PBXBuildFile; fileRef = 490998302E957037009ABC1D /* DependencyContainer.swift */; };
		490CE3B62E2FE64D00ED209A /* SnapKit in Frameworks */ = {isa = PBXBuildFile; productRef = 490CE3B52E2FE64D00ED209A /* SnapKit */; };
		490CE4372E314FF100ED209A /* AppDelegate.swift in Sources */ = {isa = PBXBuildFile; fileRef = 490CE4222E314FF100ED209A /* AppDelegate.swift */; };
		490CE4382E314FF100ED209A /* SceneDelegate.swift in Sources */ = {isa = PBXBuildFile; fileRef = 490CE4232E314FF100ED209A /* SceneDelegate.swift */; };
		490CE4392E314FF100ED209A /* ProductCell.swift in Sources */ = {isa = PBXBuildFile; fileRef = 490CE4252E314FF100ED209A /* ProductCell.swift */; };
		490CE43B2E314FF100ED209A /* Product.swift in Sources */ = {isa = PBXBuildFile; fileRef = 490CE4292E314FF100ED209A /* Product.swift */; };
		490CE4512E31505600ED209A /* Assets.xcassets in Resources */ = {isa = PBXBuildFile; fileRef = 490CE44A2E31505600ED209A /* Assets.xcassets */; };
		490CE4532E31505600ED209A /* LaunchScreen.storyboard in Resources */ = {isa = PBXBuildFile; fileRef = 490CE44D2E31505600ED209A /* LaunchScreen.storyboard */; };
		490CE4542E31505600ED209A /* Main.storyboard in Resources */ = {isa = PBXBuildFile; fileRef = 490CE44F2E31505600ED209A /* Main.storyboard */; };
		491261202E3CF3280044ADB7 /* CategoryCollectionCell.swift in Sources */ = {isa = PBXBuildFile; fileRef = 4912611F2E3CF3280044ADB7 /* CategoryCollectionCell.swift */; };
		491261342E3CF8FF0044ADB7 /* CategoryContainerHeader.swift in Sources */ = {isa = PBXBuildFile; fileRef = 491261332E3CF8FF0044ADB7 /* CategoryContainerHeader.swift */; };
		4923E9072E542E6900C6E94D /* Ingredient.swift in Sources */ = {isa = PBXBuildFile; fileRef = 4923E9062E542E6900C6E94D /* Ingredient.swift */; };
		4923E9162E56326600C6E94D /* OrderButtonView.swift in Sources */ = {isa = PBXBuildFile; fileRef = 4923E9142E56326600C6E94D /* OrderButtonView.swift */; };
		4923E9182E56380200C6E94D /* PriceButton.swift in Sources */ = {isa = PBXBuildFile; fileRef = 4923E9172E56380200C6E94D /* PriceButton.swift */; };
		4923E9462E57913300C6E94D /* BasketVC.swift in Sources */ = {isa = PBXBuildFile; fileRef = 4923E9452E57913300C6E94D /* BasketVC.swift */; };
		4923E94C2E5792C100C6E94D /* UITableView+dequeueCell.swift in Sources */ = {isa = PBXBuildFile; fileRef = 4923E9482E5792C100C6E94D /* UITableView+dequeueCell.swift */; };
		4923E94D2E5792C100C6E94D /* UITableViewCell+reuseID.swift in Sources */ = {isa = PBXBuildFile; fileRef = 4923E9492E5792C100C6E94D /* UITableViewCell+reuseID.swift */; };
		4923E94E2E5792C100C6E94D /* UIView+shadow.swift in Sources */ = {isa = PBXBuildFile; fileRef = 4923E94A2E5792C100C6E94D /* UIView+shadow.swift */; };
		4923E9552E5792C600C6E94D /* BannersLoader.swift in Sources */ = {isa = PBXBuildFile; fileRef = 4923E94F2E5792C600C6E94D /* BannersLoader.swift */; };
		4923E9562E5792C600C6E94D /* IngredientsLoader.swift in Sources */ = {isa = PBXBuildFile; fileRef = 4923E9502E5792C600C6E94D /* IngredientsLoader.swift */; };
		4923E9582E5792C600C6E94D /* StoriesLoader.swift in Sources */ = {isa = PBXBuildFile; fileRef = 4923E9522E5792C600C6E94D /* StoriesLoader.swift */; };
		4923E9592E5792C600C6E94D /* CategoriesLoader.swift in Sources */ = {isa = PBXBuildFile; fileRef = 4923E9532E5792C600C6E94D /* CategoriesLoader.swift */; };
		4923E9622E5792DD00C6E94D /* IngredientsCell.swift in Sources */ = {isa = PBXBuildFile; fileRef = 4923E95A2E5792DD00C6E94D /* IngredientsCell.swift */; };
		4923E9632E5792DD00C6E94D /* IngredientsCollectionCell.swift in Sources */ = {isa = PBXBuildFile; fileRef = 4923E95B2E5792DD00C6E94D /* IngredientsCollectionCell.swift */; };
		4923E9642E5792DD00C6E94D /* OptionsPizzaCell.swift in Sources */ = {isa = PBXBuildFile; fileRef = 4923E95C2E5792DD00C6E94D /* OptionsPizzaCell.swift */; };
		4923E9652E5792DD00C6E94D /* PizzaImageCell.swift in Sources */ = {isa = PBXBuildFile; fileRef = 4923E95D2E5792DD00C6E94D /* PizzaImageCell.swift */; };
		4923E9662E5792DD00C6E94D /* PizzaInfoCell.swift in Sources */ = {isa = PBXBuildFile; fileRef = 4923E95E2E5792DD00C6E94D /* PizzaInfoCell.swift */; };
		4923E9672E5792DD00C6E94D /* DetailProductVC.swift in Sources */ = {isa = PBXBuildFile; fileRef = 4923E9602E5792DD00C6E94D /* DetailProductVC.swift */; };
		4923E96A2E5B250B00C6E94D /* BasketCell.swift in Sources */ = {isa = PBXBuildFile; fileRef = 4923E9692E5B250B00C6E94D /* BasketCell.swift */; };
		4923E96C2E5B2AC500C6E94D /* BasketStepper.swift in Sources */ = {isa = PBXBuildFile; fileRef = 4923E96B2E5B2AC500C6E94D /* BasketStepper.swift */; };
		4923E9722E5B533000C6E94D /* AddProductCell.swift in Sources */ = {isa = PBXBuildFile; fileRef = 4923E9712E5B533000C6E94D /* AddProductCell.swift */; };
		4923E9742E5B534200C6E94D /* AddProductCollectionCell.swift in Sources */ = {isa = PBXBuildFile; fileRef = 4923E9732E5B534200C6E94D /* AddProductCollectionCell.swift */; };
		4923E9762E5B88FE00C6E94D /* BasketButtonView.swift in Sources */ = {isa = PBXBuildFile; fileRef = 4923E9752E5B88FE00C6E94D /* BasketButtonView.swift */; };
		49293DC02ECCC9410085A966 /* EmptyBasketView.swift in Sources */ = {isa = PBXBuildFile; fileRef = 49293DBF2ECCC9410085A966 /* EmptyBasketView.swift */; };
		49412F012EBBB646005C5CAB /* EmptyView.swift in Sources */ = {isa = PBXBuildFile; fileRef = 49412F002EBBB646005C5CAB /* EmptyView.swift */; };
		49412F032EBBBC86005C5CAB /* PromoProductCell.swift in Sources */ = {isa = PBXBuildFile; fileRef = 49412F022EBBBC86005C5CAB /* PromoProductCell.swift */; };
		494CC1912F44D07A00E60EA0 /* TotalPriceCounter.swift in Sources */ = {isa = PBXBuildFile; fileRef = 494CC1902F44D07A00E60EA0 /* TotalPriceCounter.swift */; };
		4950AA042E9EBDCF008B10D0 /* Kingfisher in Frameworks */ = {isa = PBXBuildFile; productRef = 4950AA032E9EBDCF008B10D0 /* Kingfisher */; };
		495623872EC8490F00B29049 /* BasketItem.swift in Sources */ = {isa = PBXBuildFile; fileRef = 495623862EC8490F00B29049 /* BasketItem.swift */; };
		495C51092E3A77AD00CF27AA /* BannerCell.swift in Sources */ = {isa = PBXBuildFile; fileRef = 495C51082E3A77AD00CF27AA /* BannerCell.swift */; };
		495C510B2E3A808D00CF27AA /* BannerCollectionCell.swift in Sources */ = {isa = PBXBuildFile; fileRef = 495C510A2E3A808D00CF27AA /* BannerCollectionCell.swift */; };
		49631D9D2EA952610086952C /* PizzaSize.swift in Sources */ = {isa = PBXBuildFile; fileRef = 49631D9C2EA952610086952C /* PizzaSize.swift */; };
		49631D9F2EA952770086952C /* PizzaDough.swift in Sources */ = {isa = PBXBuildFile; fileRef = 49631D9E2EA952770086952C /* PizzaDough.swift */; };
		496688122EC38D67000A1DC4 /* ProductsStorage.swift in Sources */ = {isa = PBXBuildFile; fileRef = 496688112EC38D66000A1DC4 /* ProductsStorage.swift */; };
		496688142EC3A820000A1DC4 /* TotalPriceCell.swift in Sources */ = {isa = PBXBuildFile; fileRef = 496688132EC3A820000A1DC4 /* TotalPriceCell.swift */; };
		497527292F0025AC005AD52F /* DadataViewController.swift in Sources */ = {isa = PBXBuildFile; fileRef = 497527282F0025AC005AD52F /* DadataViewController.swift */; };
		4975272C2F0025E0005AD52F /* AddressService.swift in Sources */ = {isa = PBXBuildFile; fileRef = 4975272B2F0025E0005AD52F /* AddressService.swift */; };
		4975272E2F0025EE005AD52F /* DadataModel.swift in Sources */ = {isa = PBXBuildFile; fileRef = 4975272D2F0025EE005AD52F /* DadataModel.swift */; };
		497527302F00260B005AD52F /* DadataViewModel.swift in Sources */ = {isa = PBXBuildFile; fileRef = 4975272F2F00260B005AD52F /* DadataViewModel.swift */; };
		497A1F052E672955006B02A3 /* AddressButton.swift in Sources */ = {isa = PBXBuildFile; fileRef = 497A1F042E672955006B02A3 /* AddressButton.swift */; };
		497A1F082E673267006B02A3 /* MapVC.swift in Sources */ = {isa = PBXBuildFile; fileRef = 497A1F072E673267006B02A3 /* MapVC.swift */; };
		497A1F0B2E673388006B02A3 /* AddressPanelView.swift in Sources */ = {isa = PBXBuildFile; fileRef = 497A1F0A2E673388006B02A3 /* AddressPanelView.swift */; };
		497A1F0D2E6733FD006B02A3 /* AddressView.swift in Sources */ = {isa = PBXBuildFile; fileRef = 497A1F0C2E6733FD006B02A3 /* AddressView.swift */; };
		497A1F0F2E67363B006B02A3 /* AddressSaveButton.swift in Sources */ = {isa = PBXBuildFile; fileRef = 497A1F0E2E67363B006B02A3 /* AddressSaveButton.swift */; };
		497A1F122E673B0F006B02A3 /* LocationService.swift in Sources */ = {isa = PBXBuildFile; fileRef = 497A1F112E673B0F006B02A3 /* LocationService.swift */; };
		497A1F142E673B18006B02A3 /* GeocodeService.swift in Sources */ = {isa = PBXBuildFile; fileRef = 497A1F132E673B18006B02A3 /* GeocodeService.swift */; };
		498AF1F32F2FDA2F00D0D1FF /* StoriesVC.swift in Sources */ = {isa = PBXBuildFile; fileRef = 498AF1F22F2FDA2F00D0D1FF /* StoriesVC.swift */; };
		498AF1F52F2FDA7C00D0D1FF /* StoriesViewModel.swift in Sources */ = {isa = PBXBuildFile; fileRef = 498AF1F42F2FDA7C00D0D1FF /* StoriesViewModel.swift */; };
		498AF1F72F2FDB8C00D0D1FF /* StoriesCollectionCell.swift in Sources */ = {isa = PBXBuildFile; fileRef = 498AF1F62F2FDB8C00D0D1FF /* StoriesCollectionCell.swift */; };
		498D438B2EFB07D000787BBB /* DadataService.swift in Sources */ = {isa = PBXBuildFile; fileRef = 498D438A2EFB07D000787BBB /* DadataService.swift */; };
		498D438D2EFB0BA800787BBB /* AddressViewController.swift in Sources */ = {isa = PBXBuildFile; fileRef = 498D438C2EFB0BA800787BBB /* AddressViewController.swift */; };
		49ABE5F02F13D624000DAB7D /* ShimmerView.swift in Sources */ = {isa = PBXBuildFile; fileRef = 49ABE5EF2F13D624000DAB7D /* ShimmerView.swift */; };
		49ABE5F22F13D63B000DAB7D /* ShimmerViewCell.swift in Sources */ = {isa = PBXBuildFile; fileRef = 49ABE5F12F13D63B000DAB7D /* ShimmerViewCell.swift */; };
		49B361842E4518D2009952BB /* Category.swift in Sources */ = {isa = PBXBuildFile; fileRef = 49B361832E4518D2009952BB /* Category.swift */; };
		49B3619F2E464139009952BB /* Banner.swift in Sources */ = {isa = PBXBuildFile; fileRef = 49B3619E2E464139009952BB /* Banner.swift */; };
		49BFC5D42E8EE0DF007D812B /* HTTPClient.swift in Sources */ = {isa = PBXBuildFile; fileRef = 49BFC5D32E8EE0DF007D812B /* HTTPClient.swift */; };
		49BFC5D62E8EE77E007D812B /* ProductsLoader.swift in Sources */ = {isa = PBXBuildFile; fileRef = 49BFC5D52E8EE77E007D812B /* ProductsLoader.swift */; };
		49C33DC92E477C6500CD5D5E /* Story.swift in Sources */ = {isa = PBXBuildFile; fileRef = 49C33DC82E477C6500CD5D5E /* Story.swift */; };
		49DD57202ED233CB009BC6BD /* ErrorMenuStateView.swift in Sources */ = {isa = PBXBuildFile; fileRef = 49DD571F2ED233CB009BC6BD /* ErrorMenuStateView.swift */; };
		49DD57532ED311F4009BC6BD /* ShimmerMenuView.swift in Sources */ = {isa = PBXBuildFile; fileRef = 49DD57522ED311F4009BC6BD /* ShimmerMenuView.swift */; };
		49DDC9792E7FFAFF00AD5698 /* NetworkError.swift in Sources */ = {isa = PBXBuildFile; fileRef = 49DDC9782E7FFAFF00AD5698 /* NetworkError.swift */; };
		49E03DB52E7469E4003351BF /* UIImage+resized.swift in Sources */ = {isa = PBXBuildFile; fileRef = 49E03DB42E7469E4003351BF /* UIImage+resized.swift */; };
		49E03DB72E746A29003351BF /* UIImage+tintedColor.swift in Sources */ = {isa = PBXBuildFile; fileRef = 49E03DB62E746A29003351BF /* UIImage+tintedColor.swift */; };
		49ECAA0D2F59F9CB00EEE869 /* MenuScreenVC.swift in Sources */ = {isa = PBXBuildFile; fileRef = 49ECAA0C2F59F9CB00EEE869 /* MenuScreenVC.swift */; };
		49FA27A12E4659A900FD2FBB /* StoryCell.swift in Sources */ = {isa = PBXBuildFile; fileRef = 49FA27A02E4659A900FD2FBB /* StoryCell.swift */; };
		49FA27A32E4659F300FD2FBB /* StoryCollectionCell.swift in Sources */ = {isa = PBXBuildFile; fileRef = 49FA27A22E4659F300FD2FBB /* StoryCollectionCell.swift */; };
/* End PBXBuildFile section */

/* Begin PBXContainerItemProxy section */
		494EF6242ED6155E00B9ADA9 /* PBXContainerItemProxy */ = {
			isa = PBXContainerItemProxy;
			containerPortal = 49DFCA942E2D2AC600BB2112 /* Project object */;
			proxyType = 1;
			remoteGlobalIDString = 49DFCA9B2E2D2AC600BB2112;
			remoteInfo = PizzaProject;
		};
/* End PBXContainerItemProxy section */

/* Begin PBXFileReference section */
		4907D6152EF7D88C00D820CF /* MenuScreenState.swift */ = {isa = PBXFileReference; lastKnownFileType = sourcecode.swift; path = MenuScreenState.swift; sourceTree = "<group>"; };
		4907D6172EF7DA0200D820CF /* MenuViewModel.swift */ = {isa = PBXFileReference; lastKnownFileType = sourcecode.swift; path = MenuViewModel.swift; sourceTree = "<group>"; };
		490998302E957037009ABC1D /* DependencyContainer.swift */ = {isa = PBXFileReference; lastKnownFileType = sourcecode.swift; path = DependencyContainer.swift; sourceTree = "<group>"; };
		490CE4222E314FF100ED209A /* AppDelegate.swift */ = {isa = PBXFileReference; lastKnownFileType = sourcecode.swift; path = AppDelegate.swift; sourceTree = "<group>"; };
		490CE4232E314FF100ED209A /* SceneDelegate.swift */ = {isa = PBXFileReference; lastKnownFileType = sourcecode.swift; path = SceneDelegate.swift; sourceTree = "<group>"; };
		490CE4252E314FF100ED209A /* ProductCell.swift */ = {isa = PBXFileReference; lastKnownFileType = sourcecode.swift; path = ProductCell.swift; sourceTree = "<group>"; };
		490CE4292E314FF100ED209A /* Product.swift */ = {isa = PBXFileReference; lastKnownFileType = sourcecode.swift; path = Product.swift; sourceTree = "<group>"; };
		490CE44A2E31505600ED209A /* Assets.xcassets */ = {isa = PBXFileReference; lastKnownFileType = folder.assetcatalog; path = Assets.xcassets; sourceTree = "<group>"; };
		490CE44B2E31505600ED209A /* Info.plist */ = {isa = PBXFileReference; lastKnownFileType = text.plist.xml; path = Info.plist; sourceTree = "<group>"; };
		490CE44C2E31505600ED209A /* Base */ = {isa = PBXFileReference; lastKnownFileType = file.storyboard; name = Base; path = Base.lproj/LaunchScreen.storyboard; sourceTree = "<group>"; };
		490CE44E2E31505600ED209A /* Base */ = {isa = PBXFileReference; lastKnownFileType = file.storyboard; name = Base; path = Base.lproj/Main.storyboard; sourceTree = "<group>"; };
		4912611F2E3CF3280044ADB7 /* CategoryCollectionCell.swift */ = {isa = PBXFileReference; lastKnownFileType = sourcecode.swift; path = CategoryCollectionCell.swift; sourceTree = "<group>"; };
		491261332E3CF8FF0044ADB7 /* CategoryContainerHeader.swift */ = {isa = PBXFileReference; lastKnownFileType = sourcecode.swift; path = CategoryContainerHeader.swift; sourceTree = "<group>"; };
		4923E9062E542E6900C6E94D /* Ingredient.swift */ = {isa = PBXFileReference; lastKnownFileType = sourcecode.swift; path = Ingredient.swift; sourceTree = "<group>"; };
		4923E9142E56326600C6E94D /* OrderButtonView.swift */ = {isa = PBXFileReference; lastKnownFileType = sourcecode.swift; path = OrderButtonView.swift; sourceTree = "<group>"; };
		4923E9172E56380200C6E94D /* PriceButton.swift */ = {isa = PBXFileReference; lastKnownFileType = sourcecode.swift; path = PriceButton.swift; sourceTree = "<group>"; };
		4923E9452E57913300C6E94D /* BasketVC.swift */ = {isa = PBXFileReference; lastKnownFileType = sourcecode.swift; path = BasketVC.swift; sourceTree = "<group>"; };
		4923E9482E5792C100C6E94D /* UITableView+dequeueCell.swift */ = {isa = PBXFileReference; lastKnownFileType = sourcecode.swift; path = "UITableView+dequeueCell.swift"; sourceTree = "<group>"; };
		4923E9492E5792C100C6E94D /* UITableViewCell+reuseID.swift */ = {isa = PBXFileReference; lastKnownFileType = sourcecode.swift; path = "UITableViewCell+reuseID.swift"; sourceTree = "<group>"; };
		4923E94A2E5792C100C6E94D /* UIView+shadow.swift */ = {isa = PBXFileReference; lastKnownFileType = sourcecode.swift; path = "UIView+shadow.swift"; sourceTree = "<group>"; };
		4923E94F2E5792C600C6E94D /* BannersLoader.swift */ = {isa = PBXFileReference; lastKnownFileType = sourcecode.swift; path = BannersLoader.swift; sourceTree = "<group>"; };
		4923E9502E5792C600C6E94D /* IngredientsLoader.swift */ = {isa = PBXFileReference; lastKnownFileType = sourcecode.swift; path = IngredientsLoader.swift; sourceTree = "<group>"; };
		4923E9522E5792C600C6E94D /* StoriesLoader.swift */ = {isa = PBXFileReference; lastKnownFileType = sourcecode.swift; path = StoriesLoader.swift; sourceTree = "<group>"; };
		4923E9532E5792C600C6E94D /* CategoriesLoader.swift */ = {isa = PBXFileReference; lastKnownFileType = sourcecode.swift; path = CategoriesLoader.swift; sourceTree = "<group>"; };
		4923E95A2E5792DD00C6E94D /* IngredientsCell.swift */ = {isa = PBXFileReference; lastKnownFileType = sourcecode.swift; path = IngredientsCell.swift; sourceTree = "<group>"; };
		4923E95B2E5792DD00C6E94D /* IngredientsCollectionCell.swift */ = {isa = PBXFileReference; lastKnownFileType = sourcecode.swift; path = IngredientsCollectionCell.swift; sourceTree = "<group>"; };
		4923E95C2E5792DD00C6E94D /* OptionsPizzaCell.swift */ = {isa = PBXFileReference; lastKnownFileType = sourcecode.swift; path = OptionsPizzaCell.swift; sourceTree = "<group>"; };
		4923E95D2E5792DD00C6E94D /* PizzaImageCell.swift */ = {isa = PBXFileReference; lastKnownFileType = sourcecode.swift; path = PizzaImageCell.swift; sourceTree = "<group>"; };
		4923E95E2E5792DD00C6E94D /* PizzaInfoCell.swift */ = {isa = PBXFileReference; lastKnownFileType = sourcecode.swift; path = PizzaInfoCell.swift; sourceTree = "<group>"; };
		4923E9602E5792DD00C6E94D /* DetailProductVC.swift */ = {isa = PBXFileReference; lastKnownFileType = sourcecode.swift; path = DetailProductVC.swift; sourceTree = "<group>"; };
		4923E9692E5B250B00C6E94D /* BasketCell.swift */ = {isa = PBXFileReference; lastKnownFileType = sourcecode.swift; path = BasketCell.swift; sourceTree = "<group>"; };
		4923E96B2E5B2AC500C6E94D /* BasketStepper.swift */ = {isa = PBXFileReference; lastKnownFileType = sourcecode.swift; path = BasketStepper.swift; sourceTree = "<group>"; };
		4923E9712E5B533000C6E94D /* AddProductCell.swift */ = {isa = PBXFileReference; lastKnownFileType = sourcecode.swift; path = AddProductCell.swift; sourceTree = "<group>"; };
		4923E9732E5B534200C6E94D /* AddProductCollectionCell.swift */ = {isa = PBXFileReference; lastKnownFileType = sourcecode.swift; path = AddProductCollectionCell.swift; sourceTree = "<group>"; };
		4923E9752E5B88FE00C6E94D /* BasketButtonView.swift */ = {isa = PBXFileReference; lastKnownFileType = sourcecode.swift; path = BasketButtonView.swift; sourceTree = "<group>"; };
		49293DBF2ECCC9410085A966 /* EmptyBasketView.swift */ = {isa = PBXFileReference; lastKnownFileType = sourcecode.swift; path = EmptyBasketView.swift; sourceTree = "<group>"; };
		49412F002EBBB646005C5CAB /* EmptyView.swift */ = {isa = PBXFileReference; lastKnownFileType = sourcecode.swift; path = EmptyView.swift; sourceTree = "<group>"; };
		49412F022EBBBC86005C5CAB /* PromoProductCell.swift */ = {isa = PBXFileReference; lastKnownFileType = sourcecode.swift; path = PromoProductCell.swift; sourceTree = "<group>"; };
		494CC1902F44D07A00E60EA0 /* TotalPriceCounter.swift */ = {isa = PBXFileReference; lastKnownFileType = sourcecode.swift; path = TotalPriceCounter.swift; sourceTree = "<group>"; };
		494EF6202ED6155D00B9ADA9 /* PizzaProjectTests.xctest */ = {isa = PBXFileReference; explicitFileType = wrapper.cfbundle; includeInIndex = 0; path = PizzaProjectTests.xctest; sourceTree = BUILT_PRODUCTS_DIR; };
		495623862EC8490F00B29049 /* BasketItem.swift */ = {isa = PBXFileReference; lastKnownFileType = sourcecode.swift; path = BasketItem.swift; sourceTree = "<group>"; };
		495C51082E3A77AD00CF27AA /* BannerCell.swift */ = {isa = PBXFileReference; lastKnownFileType = sourcecode.swift; path = BannerCell.swift; sourceTree = "<group>"; };
		495C510A2E3A808D00CF27AA /* BannerCollectionCell.swift */ = {isa = PBXFileReference; lastKnownFileType = sourcecode.swift; path = BannerCollectionCell.swift; sourceTree = "<group>"; };
		49631D9C2EA952610086952C /* PizzaSize.swift */ = {isa = PBXFileReference; lastKnownFileType = sourcecode.swift; path = PizzaSize.swift; sourceTree = "<group>"; };
		49631D9E2EA952770086952C /* PizzaDough.swift */ = {isa = PBXFileReference; lastKnownFileType = sourcecode.swift; path = PizzaDough.swift; sourceTree = "<group>"; };
		496688112EC38D66000A1DC4 /* ProductsStorage.swift */ = {isa = PBXFileReference; lastKnownFileType = sourcecode.swift; path = ProductsStorage.swift; sourceTree = "<group>"; };
		496688132EC3A820000A1DC4 /* TotalPriceCell.swift */ = {isa = PBXFileReference; lastKnownFileType = sourcecode.swift; path = TotalPriceCell.swift; sourceTree = "<group>"; };
		497527282F0025AC005AD52F /* DadataViewController.swift */ = {isa = PBXFileReference; lastKnownFileType = sourcecode.swift; path = DadataViewController.swift; sourceTree = "<group>"; };
		4975272B2F0025E0005AD52F /* AddressService.swift */ = {isa = PBXFileReference; lastKnownFileType = sourcecode.swift; path = AddressService.swift; sourceTree = "<group>"; };
		4975272D2F0025EE005AD52F /* DadataModel.swift */ = {isa = PBXFileReference; lastKnownFileType = sourcecode.swift; path = DadataModel.swift; sourceTree = "<group>"; };
		4975272F2F00260B005AD52F /* DadataViewModel.swift */ = {isa = PBXFileReference; lastKnownFileType = sourcecode.swift; path = DadataViewModel.swift; sourceTree = "<group>"; };
		497A1F042E672955006B02A3 /* AddressButton.swift */ = {isa = PBXFileReference; lastKnownFileType = sourcecode.swift; path = AddressButton.swift; sourceTree = "<group>"; };
		497A1F072E673267006B02A3 /* MapVC.swift */ = {isa = PBXFileReference; lastKnownFileType = sourcecode.swift; path = MapVC.swift; sourceTree = "<group>"; };
		497A1F0A2E673388006B02A3 /* AddressPanelView.swift */ = {isa = PBXFileReference; lastKnownFileType = sourcecode.swift; path = AddressPanelView.swift; sourceTree = "<group>"; };
		497A1F0C2E6733FD006B02A3 /* AddressView.swift */ = {isa = PBXFileReference; lastKnownFileType = sourcecode.swift; path = AddressView.swift; sourceTree = "<group>"; };
		497A1F0E2E67363B006B02A3 /* AddressSaveButton.swift */ = {isa = PBXFileReference; lastKnownFileType = sourcecode.swift; path = AddressSaveButton.swift; sourceTree = "<group>"; };
		497A1F112E673B0F006B02A3 /* LocationService.swift */ = {isa = PBXFileReference; lastKnownFileType = sourcecode.swift; path = LocationService.swift; sourceTree = "<group>"; };
		497A1F132E673B18006B02A3 /* GeocodeService.swift */ = {isa = PBXFileReference; lastKnownFileType = sourcecode.swift; path = GeocodeService.swift; sourceTree = "<group>"; };
		498AF1F22F2FDA2F00D0D1FF /* StoriesVC.swift */ = {isa = PBXFileReference; lastKnownFileType = sourcecode.swift; path = StoriesVC.swift; sourceTree = "<group>"; };
		498AF1F42F2FDA7C00D0D1FF /* StoriesViewModel.swift */ = {isa = PBXFileReference; lastKnownFileType = sourcecode.swift; path = StoriesViewModel.swift; sourceTree = "<group>"; };
		498AF1F62F2FDB8C00D0D1FF /* StoriesCollectionCell.swift */ = {isa = PBXFileReference; lastKnownFileType = sourcecode.swift; path = StoriesCollectionCell.swift; sourceTree = "<group>"; };
		498D438A2EFB07D000787BBB /* DadataService.swift */ = {isa = PBXFileReference; lastKnownFileType = sourcecode.swift; path = DadataService.swift; sourceTree = "<group>"; };
		498D438C2EFB0BA800787BBB /* AddressViewController.swift */ = {isa = PBXFileReference; lastKnownFileType = sourcecode.swift; path = AddressViewController.swift; sourceTree = "<group>"; };
		49ABE5EF2F13D624000DAB7D /* ShimmerView.swift */ = {isa = PBXFileReference; lastKnownFileType = sourcecode.swift; path = ShimmerView.swift; sourceTree = "<group>"; };
		49ABE5F12F13D63B000DAB7D /* ShimmerViewCell.swift */ = {isa = PBXFileReference; lastKnownFileType = sourcecode.swift; path = ShimmerViewCell.swift; sourceTree = "<group>"; };
		49B361832E4518D2009952BB /* Category.swift */ = {isa = PBXFileReference; lastKnownFileType = sourcecode.swift; path = Category.swift; sourceTree = "<group>"; };
		49B3619E2E464139009952BB /* Banner.swift */ = {isa = PBXFileReference; lastKnownFileType = sourcecode.swift; path = Banner.swift; sourceTree = "<group>"; };
		49BFC5D32E8EE0DF007D812B /* HTTPClient.swift */ = {isa = PBXFileReference; lastKnownFileType = sourcecode.swift; path = HTTPClient.swift; sourceTree = "<group>"; };
		49BFC5D52E8EE77E007D812B /* ProductsLoader.swift */ = {isa = PBXFileReference; lastKnownFileType = sourcecode.swift; path = ProductsLoader.swift; sourceTree = "<group>"; };
		49C33DC82E477C6500CD5D5E /* Story.swift */ = {isa = PBXFileReference; lastKnownFileType = sourcecode.swift; path = Story.swift; sourceTree = "<group>"; };
		49DD571F2ED233CB009BC6BD /* ErrorMenuStateView.swift */ = {isa = PBXFileReference; lastKnownFileType = sourcecode.swift; path = ErrorMenuStateView.swift; sourceTree = "<group>"; };
		49DD57522ED311F4009BC6BD /* ShimmerMenuView.swift */ = {isa = PBXFileReference; lastKnownFileType = sourcecode.swift; path = ShimmerMenuView.swift; sourceTree = "<group>"; };
		49DDC9782E7FFAFF00AD5698 /* NetworkError.swift */ = {isa = PBXFileReference; lastKnownFileType = sourcecode.swift; path = NetworkError.swift; sourceTree = "<group>"; };
		49DFCA9C2E2D2AC600BB2112 /* PizzaProject.app */ = {isa = PBXFileReference; explicitFileType = wrapper.application; includeInIndex = 0; path = PizzaProject.app; sourceTree = BUILT_PRODUCTS_DIR; };
		49E03DB42E7469E4003351BF /* UIImage+resized.swift */ = {isa = PBXFileReference; lastKnownFileType = sourcecode.swift; path = "UIImage+resized.swift"; sourceTree = "<group>"; };
		49E03DB62E746A29003351BF /* UIImage+tintedColor.swift */ = {isa = PBXFileReference; lastKnownFileType = sourcecode.swift; path = "UIImage+tintedColor.swift"; sourceTree = "<group>"; };
		49ECAA0C2F59F9CB00EEE869 /* MenuScreenVC.swift */ = {isa = PBXFileReference; lastKnownFileType = sourcecode.swift; path = MenuScreenVC.swift; sourceTree = "<group>"; };
		49FA27A02E4659A900FD2FBB /* StoryCell.swift */ = {isa = PBXFileReference; lastKnownFileType = sourcecode.swift; path = StoryCell.swift; sourceTree = "<group>"; };
		49FA27A22E4659F300FD2FBB /* StoryCollectionCell.swift */ = {isa = PBXFileReference; lastKnownFileType = sourcecode.swift; path = StoryCollectionCell.swift; sourceTree = "<group>"; };
/* End PBXFileReference section */

/* Begin PBXFileSystemSynchronizedRootGroup section */
		494EF6212ED6155E00B9ADA9 /* PizzaProjectTests */ = {
			isa = PBXFileSystemSynchronizedRootGroup;
			path = PizzaProjectTests;
			sourceTree = "<group>";
		};
		49ECA9E02F59F5B600EEE869 /* MenuPresenter */ = {
			isa = PBXFileSystemSynchronizedRootGroup;
			path = MenuPresenter;
			sourceTree = "<group>";
		};
		49ECA9FF2F59F5F000EEE869 /* MenuInteractor */ = {
			isa = PBXFileSystemSynchronizedRootGroup;
			path = MenuInteractor;
			sourceTree = "<group>";
		};
		49ECAA002F59F5FE00EEE869 /* MenuView */ = {
			isa = PBXFileSystemSynchronizedRootGroup;
			path = MenuView;
			sourceTree = "<group>";
		};
		49ECAA012F59F63300EEE869 /* MenuRouter */ = {
			isa = PBXFileSystemSynchronizedRootGroup;
			path = MenuRouter;
			sourceTree = "<group>";
		};
/* End PBXFileSystemSynchronizedRootGroup section */

/* Begin PBXFrameworksBuildPhase section */
		494EF61D2ED6155D00B9ADA9 /* Frameworks */ = {
			isa = PBXFrameworksBuildPhase;
			buildActionMask = 2147483647;
			files = (
			);
			runOnlyForDeploymentPostprocessing = 0;
		};
		49DFCA992E2D2AC600BB2112 /* Frameworks */ = {
			isa = PBXFrameworksBuildPhase;
			buildActionMask = 2147483647;
			files = (
				4950AA042E9EBDCF008B10D0 /* Kingfisher in Frameworks */,
				490CE3B62E2FE64D00ED209A /* SnapKit in Frameworks */,
			);
			runOnlyForDeploymentPostprocessing = 0;
		};
/* End PBXFrameworksBuildPhase section */

/* Begin PBXGroup section */
		4909982F2E957000009ABC1D /* DI */ = {
			isa = PBXGroup;
			children = (
				490998302E957037009ABC1D /* DependencyContainer.swift */,
			);
			path = DI;
			sourceTree = "<group>";
		};
		490CE4242E314FF100ED209A /* App */ = {
			isa = PBXGroup;
			children = (
				490CE4222E314FF100ED209A /* AppDelegate.swift */,
				490CE4232E314FF100ED209A /* SceneDelegate.swift */,
			);
			path = App;
			sourceTree = "<group>";
		};
		490CE4262E314FF100ED209A /* Cells */ = {
			isa = PBXGroup;
			children = (
				490CE4252E314FF100ED209A /* ProductCell.swift */,
				49412F022EBBBC86005C5CAB /* PromoProductCell.swift */,
				491261332E3CF8FF0044ADB7 /* CategoryContainerHeader.swift */,
				4912611F2E3CF3280044ADB7 /* CategoryCollectionCell.swift */,
				495C51082E3A77AD00CF27AA /* BannerCell.swift */,
				495C510A2E3A808D00CF27AA /* BannerCollectionCell.swift */,
				49FA27A02E4659A900FD2FBB /* StoryCell.swift */,
				49FA27A22E4659F300FD2FBB /* StoryCollectionCell.swift */,
			);
			path = Cells;
			sourceTree = "<group>";
		};
		490CE4282E314FF100ED209A /* Menu */ = {
			isa = PBXGroup;
			children = (
				49ECAA0C2F59F9CB00EEE869 /* MenuScreenVC.swift */,
				49ECAA012F59F63300EEE869 /* MenuRouter */,
				49ECAA002F59F5FE00EEE869 /* MenuView */,
				49ECA9FF2F59F5F000EEE869 /* MenuInteractor */,
				49ECA9E02F59F5B600EEE869 /* MenuPresenter */,
				4907D6152EF7D88C00D820CF /* MenuScreenState.swift */,
				4907D6172EF7DA0200D820CF /* MenuViewModel.swift */,
				490CE4262E314FF100ED209A /* Cells */,
			);
			path = Menu;
			sourceTree = "<group>";
		};
		490CE42A2E314FF100ED209A /* Models */ = {
			isa = PBXGroup;
			children = (
				490CE4292E314FF100ED209A /* Product.swift */,
				49B361832E4518D2009952BB /* Category.swift */,
				495623862EC8490F00B29049 /* BasketItem.swift */,
				49B3619E2E464139009952BB /* Banner.swift */,
				49C33DC82E477C6500CD5D5E /* Story.swift */,
				4923E9062E542E6900C6E94D /* Ingredient.swift */,
				49631D9E2EA952770086952C /* PizzaDough.swift */,
				49631D9C2EA952610086952C /* PizzaSize.swift */,
			);
			path = Models;
			sourceTree = "<group>";
		};
		490CE42B2E314FF100ED209A /* Screens */ = {
			isa = PBXGroup;
			children = (
				4975272A2F0025B3005AD52F /* Dadata */,
				497A1F062E673241006B02A3 /* Map */,
				490CE4282E314FF100ED209A /* Menu */,
				4923E9612E5792DD00C6E94D /* Detail */,
				4923E9442E57911800C6E94D /* Basket */,
				498AF1F12F2FDA0800D0D1FF /* Story */,
			);
			path = Screens;
			sourceTree = "<group>";
		};
		490CE4322E314FF100ED209A /* dodo-base */ = {
			isa = PBXGroup;
			children = (
				490CE4242E314FF100ED209A /* App */,
				4909982F2E957000009ABC1D /* DI */,
				490CE42B2E314FF100ED209A /* Screens */,
				490CE42A2E314FF100ED209A /* Models */,
				4923E9542E5792C600C6E94D /* Services */,
				4923E9152E56326600C6E94D /* Components */,
				490CE4502E31505600ED209A /* Resources */,
				4923E94B2E5792C100C6E94D /* Extensions */,
			);
			path = "dodo-base";
			sourceTree = "<group>";
		};
		490CE4502E31505600ED209A /* Resources */ = {
			isa = PBXGroup;
			children = (
				490CE44A2E31505600ED209A /* Assets.xcassets */,
				490CE44B2E31505600ED209A /* Info.plist */,
				490CE44D2E31505600ED209A /* LaunchScreen.storyboard */,
				490CE44F2E31505600ED209A /* Main.storyboard */,
			);
			path = Resources;
			sourceTree = "<group>";
		};
		4923E9152E56326600C6E94D /* Components */ = {
			isa = PBXGroup;
			children = (
				4923E9142E56326600C6E94D /* OrderButtonView.swift */,
				4923E9172E56380200C6E94D /* PriceButton.swift */,
				4923E9752E5B88FE00C6E94D /* BasketButtonView.swift */,
				497A1F042E672955006B02A3 /* AddressButton.swift */,
				49412F002EBBB646005C5CAB /* EmptyView.swift */,
				49293DBF2ECCC9410085A966 /* EmptyBasketView.swift */,
				49DD571F2ED233CB009BC6BD /* ErrorMenuStateView.swift */,
				49DD57522ED311F4009BC6BD /* ShimmerMenuView.swift */,
			);
			path = Components;
			sourceTree = "<group>";
		};
		4923E9442E57911800C6E94D /* Basket */ = {
			isa = PBXGroup;
			children = (
				4923E9682E5B24AF00C6E94D /* Cells */,
				4923E9452E57913300C6E94D /* BasketVC.swift */,
				4923E96B2E5B2AC500C6E94D /* BasketStepper.swift */,
			);
			path = Basket;
			sourceTree = "<group>";
		};
		4923E94B2E5792C100C6E94D /* Extensions */ = {
			isa = PBXGroup;
			children = (
				4923E9482E5792C100C6E94D /* UITableView+dequeueCell.swift */,
				4923E9492E5792C100C6E94D /* UITableViewCell+reuseID.swift */,
				4923E94A2E5792C100C6E94D /* UIView+shadow.swift */,
				49E03DB42E7469E4003351BF /* UIImage+resized.swift */,
				49E03DB62E746A29003351BF /* UIImage+tintedColor.swift */,
			);
			path = Extensions;
			sourceTree = "<group>";
		};
		4923E9542E5792C600C6E94D /* Services */ = {
			isa = PBXGroup;
			children = (
				49BFC5D22E8EE0BA007D812B /* NetworkingLayer */,
				4923E94F2E5792C600C6E94D /* BannersLoader.swift */,
				49BFC5D52E8EE77E007D812B /* ProductsLoader.swift */,
				4923E9502E5792C600C6E94D /* IngredientsLoader.swift */,
				4923E9522E5792C600C6E94D /* StoriesLoader.swift */,
				4923E9532E5792C600C6E94D /* CategoriesLoader.swift */,
				496688112EC38D66000A1DC4 /* ProductsStorage.swift */,
				494CC1902F44D07A00E60EA0 /* TotalPriceCounter.swift */,
			);
			path = Services;
			sourceTree = "<group>";
		};
		4923E95F2E5792DD00C6E94D /* Cells */ = {
			isa = PBXGroup;
			children = (
				4923E95A2E5792DD00C6E94D /* IngredientsCell.swift */,
				4923E95B2E5792DD00C6E94D /* IngredientsCollectionCell.swift */,
				4923E95C2E5792DD00C6E94D /* OptionsPizzaCell.swift */,
				4923E95D2E5792DD00C6E94D /* PizzaImageCell.swift */,
				4923E95E2E5792DD00C6E94D /* PizzaInfoCell.swift */,
			);
			path = Cells;
			sourceTree = "<group>";
		};
		4923E9612E5792DD00C6E94D /* Detail */ = {
			isa = PBXGroup;
			children = (
				4923E95F2E5792DD00C6E94D /* Cells */,
				4923E9602E5792DD00C6E94D /* DetailProductVC.swift */,
			);
			path = Detail;
			sourceTree = "<group>";
		};
		4923E9682E5B24AF00C6E94D /* Cells */ = {
			isa = PBXGroup;
			children = (
				4923E9692E5B250B00C6E94D /* BasketCell.swift */,
				4923E9712E5B533000C6E94D /* AddProductCell.swift */,
				4923E9732E5B534200C6E94D /* AddProductCollectionCell.swift */,
				496688132EC3A820000A1DC4 /* TotalPriceCell.swift */,
			);
			path = Cells;
			sourceTree = "<group>";
		};
		4975272A2F0025B3005AD52F /* Dadata */ = {
			isa = PBXGroup;
			children = (
				497527282F0025AC005AD52F /* DadataViewController.swift */,
				49ABE5EF2F13D624000DAB7D /* ShimmerView.swift */,
				49ABE5F12F13D63B000DAB7D /* ShimmerViewCell.swift */,
				4975272B2F0025E0005AD52F /* AddressService.swift */,
				4975272D2F0025EE005AD52F /* DadataModel.swift */,
				4975272F2F00260B005AD52F /* DadataViewModel.swift */,
			);
			path = Dadata;
			sourceTree = "<group>";
		};
		497A1F062E673241006B02A3 /* Map */ = {
			isa = PBXGroup;
			children = (
				497A1F072E673267006B02A3 /* MapVC.swift */,
				497A1F092E6732C8006B02A3 /* MapViews */,
				498D438A2EFB07D000787BBB /* DadataService.swift */,
				498D438C2EFB0BA800787BBB /* AddressViewController.swift */,
			);
			path = Map;
			sourceTree = "<group>";
		};
		497A1F092E6732C8006B02A3 /* MapViews */ = {
			isa = PBXGroup;
			children = (
				497A1F0A2E673388006B02A3 /* AddressPanelView.swift */,
				497A1F0C2E6733FD006B02A3 /* AddressView.swift */,
				497A1F0E2E67363B006B02A3 /* AddressSaveButton.swift */,
				497A1F102E673AFC006B02A3 /* Service */,
			);
			path = MapViews;
			sourceTree = "<group>";
		};
		497A1F102E673AFC006B02A3 /* Service */ = {
			isa = PBXGroup;
			children = (
				497A1F112E673B0F006B02A3 /* LocationService.swift */,
				497A1F132E673B18006B02A3 /* GeocodeService.swift */,
			);
			path = Service;
			sourceTree = "<group>";
		};
		498AF1F12F2FDA0800D0D1FF /* Story */ = {
			isa = PBXGroup;
			children = (
				498AF1F22F2FDA2F00D0D1FF /* StoriesVC.swift */,
				498AF1F42F2FDA7C00D0D1FF /* StoriesViewModel.swift */,
				498AF1F62F2FDB8C00D0D1FF /* StoriesCollectionCell.swift */,
			);
			path = Story;
			sourceTree = "<group>";
		};
		49BFC5D22E8EE0BA007D812B /* NetworkingLayer */ = {
			isa = PBXGroup;
			children = (
				49DDC9782E7FFAFF00AD5698 /* NetworkError.swift */,
				49BFC5D32E8EE0DF007D812B /* HTTPClient.swift */,
			);
			path = NetworkingLayer;
			sourceTree = "<group>";
		};
		49DFCA932E2D2AC600BB2112 = {
			isa = PBXGroup;
			children = (
				490CE4322E314FF100ED209A /* dodo-base */,
				494EF6212ED6155E00B9ADA9 /* PizzaProjectTests */,
				49DFCA9D2E2D2AC600BB2112 /* Products */,
			);
			sourceTree = "<group>";
		};
		49DFCA9D2E2D2AC600BB2112 /* Products */ = {
			isa = PBXGroup;
			children = (
				49DFCA9C2E2D2AC600BB2112 /* PizzaProject.app */,
				494EF6202ED6155D00B9ADA9 /* PizzaProjectTests.xctest */,
			);
			name = Products;
			sourceTree = "<group>";
		};
/* End PBXGroup section */

/* Begin PBXNativeTarget section */
		494EF61F2ED6155D00B9ADA9 /* PizzaProjectTests */ = {
			isa = PBXNativeTarget;
			buildConfigurationList = 494EF6262ED6155E00B9ADA9 /* Build configuration list for PBXNativeTarget "PizzaProjectTests" */;
			buildPhases = (
				494EF61C2ED6155D00B9ADA9 /* Sources */,
				494EF61D2ED6155D00B9ADA9 /* Frameworks */,
				494EF61E2ED6155D00B9ADA9 /* Resources */,
			);
			buildRules = (
			);
			dependencies = (
				494EF6252ED6155E00B9ADA9 /* PBXTargetDependency */,
			);
			fileSystemSynchronizedGroups = (
				494EF6212ED6155E00B9ADA9 /* PizzaProjectTests */,
			);
			name = PizzaProjectTests;
			packageProductDependencies = (
			);
			productName = PizzaProjectTests;
			productReference = 494EF6202ED6155D00B9ADA9 /* PizzaProjectTests.xctest */;
			productType = "com.apple.product-type.bundle.unit-test";
		};
		49DFCA9B2E2D2AC600BB2112 /* PizzaProject */ = {
			isa = PBXNativeTarget;
			buildConfigurationList = 49DFCAAF2E2D2AC800BB2112 /* Build configuration list for PBXNativeTarget "PizzaProject" */;
			buildPhases = (
				49DFCA982E2D2AC600BB2112 /* Sources */,
				49DFCA992E2D2AC600BB2112 /* Frameworks */,
				49DFCA9A2E2D2AC600BB2112 /* Resources */,
			);
			buildRules = (
			);
			dependencies = (
			);
			fileSystemSynchronizedGroups = (
				49ECA9E02F59F5B600EEE869 /* MenuPresenter */,
				49ECA9FF2F59F5F000EEE869 /* MenuInteractor */,
				49ECAA002F59F5FE00EEE869 /* MenuView */,
				49ECAA012F59F63300EEE869 /* MenuRouter */,
			);
			name = PizzaProject;
			packageProductDependencies = (
				490CE3B52E2FE64D00ED209A /* SnapKit */,
				4950AA032E9EBDCF008B10D0 /* Kingfisher */,
			);
			productName = UIKitHomework;
			productReference = 49DFCA9C2E2D2AC600BB2112 /* PizzaProject.app */;
			productType = "com.apple.product-type.application";
		};
/* End PBXNativeTarget section */

/* Begin PBXProject section */
		49DFCA942E2D2AC600BB2112 /* Project object */ = {
			isa = PBXProject;
			attributes = {
				BuildIndependentTargetsInParallel = 1;
				LastSwiftUpdateCheck = 1640;
				LastUpgradeCheck = 1640;
				TargetAttributes = {
					494EF61F2ED6155D00B9ADA9 = {
						CreatedOnToolsVersion = 16.4;
						TestTargetID = 49DFCA9B2E2D2AC600BB2112;
					};
					49DFCA9B2E2D2AC600BB2112 = {
						CreatedOnToolsVersion = 16.4;
					};
				};
			};
			buildConfigurationList = 49DFCA972E2D2AC600BB2112 /* Build configuration list for PBXProject "pizzaProject" */;
			developmentRegion = en;
			hasScannedForEncodings = 0;
			knownRegions = (
				en,
				Base,
			);
			mainGroup = 49DFCA932E2D2AC600BB2112;
			minimizedProjectReferenceProxies = 1;
			packageReferences = (
				490CE3B42E2FE64D00ED209A /* XCRemoteSwiftPackageReference "SnapKit" */,
				4950AA022E9EBDCF008B10D0 /* XCRemoteSwiftPackageReference "Kingfisher" */,
			);
			preferredProjectObjectVersion = 77;
			productRefGroup = 49DFCA9D2E2D2AC600BB2112 /* Products */;
			projectDirPath = "";
			projectRoot = "";
			targets = (
				49DFCA9B2E2D2AC600BB2112 /* PizzaProject */,
				494EF61F2ED6155D00B9ADA9 /* PizzaProjectTests */,
			);
		};
/* End PBXProject section */

/* Begin PBXResourcesBuildPhase section */
		494EF61E2ED6155D00B9ADA9 /* Resources */ = {
			isa = PBXResourcesBuildPhase;
			buildActionMask = 2147483647;
			files = (
			);
			runOnlyForDeploymentPostprocessing = 0;
		};
		49DFCA9A2E2D2AC600BB2112 /* Resources */ = {
			isa = PBXResourcesBuildPhase;
			buildActionMask = 2147483647;
			files = (
				490CE4512E31505600ED209A /* Assets.xcassets in Resources */,
				490CE4532E31505600ED209A /* LaunchScreen.storyboard in Resources */,
				490CE4542E31505600ED209A /* Main.storyboard in Resources */,
			);
			runOnlyForDeploymentPostprocessing = 0;
		};
/* End PBXResourcesBuildPhase section */

/* Begin PBXSourcesBuildPhase section */
		494EF61C2ED6155D00B9ADA9 /* Sources */ = {
			isa = PBXSourcesBuildPhase;
			buildActionMask = 2147483647;
			files = (
			);
			runOnlyForDeploymentPostprocessing = 0;
		};
		49DFCA982E2D2AC600BB2112 /* Sources */ = {
			isa = PBXSourcesBuildPhase;
			buildActionMask = 2147483647;
			files = (
				49631D9F2EA952770086952C /* PizzaDough.swift in Sources */,
				494CC1912F44D07A00E60EA0 /* TotalPriceCounter.swift in Sources */,
				49ECAA0D2F59F9CB00EEE869 /* MenuScreenVC.swift in Sources */,
				497A1F0B2E673388006B02A3 /* AddressPanelView.swift in Sources */,
				4923E9552E5792C600C6E94D /* BannersLoader.swift in Sources */,
				49BFC5D62E8EE77E007D812B /* ProductsLoader.swift in Sources */,
				49E03DB72E746A29003351BF /* UIImage+tintedColor.swift in Sources */,
				4923E9762E5B88FE00C6E94D /* BasketButtonView.swift in Sources */,
				4923E9562E5792C600C6E94D /* IngredientsLoader.swift in Sources */,
				490998312E957037009ABC1D /* DependencyContainer.swift in Sources */,
				498D438B2EFB07D000787BBB /* DadataService.swift in Sources */,
				49ABE5F22F13D63B000DAB7D /* ShimmerViewCell.swift in Sources */,
				4923E9582E5792C600C6E94D /* StoriesLoader.swift in Sources */,
				497A1F122E673B0F006B02A3 /* LocationService.swift in Sources */,
				4923E9592E5792C600C6E94D /* CategoriesLoader.swift in Sources */,
				497A1F082E673267006B02A3 /* MapVC.swift in Sources */,
				495C510B2E3A808D00CF27AA /* BannerCollectionCell.swift in Sources */,
				497527302F00260B005AD52F /* DadataViewModel.swift in Sources */,
				497A1F052E672955006B02A3 /* AddressButton.swift in Sources */,
				490CE4372E314FF100ED209A /* AppDelegate.swift in Sources */,
				49293DC02ECCC9410085A966 /* EmptyBasketView.swift in Sources */,
				4907D6182EF7DA0200D820CF /* MenuViewModel.swift in Sources */,
				49412F032EBBBC86005C5CAB /* PromoProductCell.swift in Sources */,
				490CE4382E314FF100ED209A /* SceneDelegate.swift in Sources */,
				4923E9622E5792DD00C6E94D /* IngredientsCell.swift in Sources */,
				4923E96C2E5B2AC500C6E94D /* BasketStepper.swift in Sources */,
				4923E9632E5792DD00C6E94D /* IngredientsCollectionCell.swift in Sources */,
				4923E9642E5792DD00C6E94D /* OptionsPizzaCell.swift in Sources */,
				4923E9652E5792DD00C6E94D /* PizzaImageCell.swift in Sources */,
				49E03DB52E7469E4003351BF /* UIImage+resized.swift in Sources */,
				4923E9662E5792DD00C6E94D /* PizzaInfoCell.swift in Sources */,
				49DDC9792E7FFAFF00AD5698 /* NetworkError.swift in Sources */,
				4923E9672E5792DD00C6E94D /* DetailProductVC.swift in Sources */,
				4923E9742E5B534200C6E94D /* AddProductCollectionCell.swift in Sources */,
				495C51092E3A77AD00CF27AA /* BannerCell.swift in Sources */,
				4923E9722E5B533000C6E94D /* AddProductCell.swift in Sources */,
				490CE4392E314FF100ED209A /* ProductCell.swift in Sources */,
				496688142EC3A820000A1DC4 /* TotalPriceCell.swift in Sources */,
				49FA27A12E4659A900FD2FBB /* StoryCell.swift in Sources */,
				49BFC5D42E8EE0DF007D812B /* HTTPClient.swift in Sources */,
				497A1F0D2E6733FD006B02A3 /* AddressView.swift in Sources */,
				4975272E2F0025EE005AD52F /* DadataModel.swift in Sources */,
				497527292F0025AC005AD52F /* DadataViewController.swift in Sources */,
				491261202E3CF3280044ADB7 /* CategoryCollectionCell.swift in Sources */,
				4923E9162E56326600C6E94D /* OrderButtonView.swift in Sources */,
				491261342E3CF8FF0044ADB7 /* CategoryContainerHeader.swift in Sources */,
				497A1F0F2E67363B006B02A3 /* AddressSaveButton.swift in Sources */,
				49C33DC92E477C6500CD5D5E /* Story.swift in Sources */,
				49B361842E4518D2009952BB /* Category.swift in Sources */,
				498AF1F72F2FDB8C00D0D1FF /* StoriesCollectionCell.swift in Sources */,
				4923E96A2E5B250B00C6E94D /* BasketCell.swift in Sources */,
				4923E9182E56380200C6E94D /* PriceButton.swift in Sources */,
				498AF1F52F2FDA7C00D0D1FF /* StoriesViewModel.swift in Sources */,
				49FA27A32E4659F300FD2FBB /* StoryCollectionCell.swift in Sources */,
				497A1F142E673B18006B02A3 /* GeocodeService.swift in Sources */,
				49DD57202ED233CB009BC6BD /* ErrorMenuStateView.swift in Sources */,
				498AF1F32F2FDA2F00D0D1FF /* StoriesVC.swift in Sources */,
				4975272C2F0025E0005AD52F /* AddressService.swift in Sources */,
				49412F012EBBB646005C5CAB /* EmptyView.swift in Sources */,
				4923E9462E57913300C6E94D /* BasketVC.swift in Sources */,
				49B3619F2E464139009952BB /* Banner.swift in Sources */,
				4923E94C2E5792C100C6E94D /* UITableView+dequeueCell.swift in Sources */,
				4923E94D2E5792C100C6E94D /* UITableViewCell+reuseID.swift in Sources */,
				498D438D2EFB0BA800787BBB /* AddressViewController.swift in Sources */,
				49DD57532ED311F4009BC6BD /* ShimmerMenuView.swift in Sources */,
				49631D9D2EA952610086952C /* PizzaSize.swift in Sources */,
				4923E94E2E5792C100C6E94D /* UIView+shadow.swift in Sources */,
				4923E9072E542E6900C6E94D /* Ingredient.swift in Sources */,
				496688122EC38D67000A1DC4 /* ProductsStorage.swift in Sources */,
				49ABE5F02F13D624000DAB7D /* ShimmerView.swift in Sources */,
				495623872EC8490F00B29049 /* BasketItem.swift in Sources */,
				490CE43B2E314FF100ED209A /* Product.swift in Sources */,
				4907D6162EF7D88C00D820CF /* MenuScreenState.swift in Sources */,
			);
			runOnlyForDeploymentPostprocessing = 0;
		};
/* End PBXSourcesBuildPhase section */

/* Begin PBXTargetDependency section */
		494EF6252ED6155E00B9ADA9 /* PBXTargetDependency */ = {
			isa = PBXTargetDependency;
			target = 49DFCA9B2E2D2AC600BB2112 /* PizzaProject */;
			targetProxy = 494EF6242ED6155E00B9ADA9 /* PBXContainerItemProxy */;
		};
/* End PBXTargetDependency section */

/* Begin PBXVariantGroup section */
		490CE44D2E31505600ED209A /* LaunchScreen.storyboard */ = {
			isa = PBXVariantGroup;
			children = (
				490CE44C2E31505600ED209A /* Base */,
			);
			name = LaunchScreen.storyboard;
			sourceTree = "<group>";
		};
		490CE44F2E31505600ED209A /* Main.storyboard */ = {
			isa = PBXVariantGroup;
			children = (
				490CE44E2E31505600ED209A /* Base */,
			);
			name = Main.storyboard;
			sourceTree = "<group>";
		};
/* End PBXVariantGroup section */

/* Begin XCBuildConfiguration section */
		494EF6272ED6155E00B9ADA9 /* Debug */ = {
			isa = XCBuildConfiguration;
			buildSettings = {
				BUNDLE_LOADER = "$(TEST_HOST)";
				CODE_SIGN_STYLE = Automatic;
				CURRENT_PROJECT_VERSION = 1;
				GENERATE_INFOPLIST_FILE = YES;
				MARKETING_VERSION = 1.0;
				PRODUCT_BUNDLE_IDENTIFIER = com.andreyantonov.PizzaProjectTests;
				PRODUCT_NAME = "$(TARGET_NAME)";
				SWIFT_EMIT_LOC_STRINGS = NO;
				SWIFT_VERSION = 5.0;
				TARGETED_DEVICE_FAMILY = "1,2";
				TEST_HOST = "$(BUILT_PRODUCTS_DIR)/PizzaProject.app/$(BUNDLE_EXECUTABLE_FOLDER_PATH)/PizzaProject";
			};
			name = Debug;
		};
		494EF6282ED6155E00B9ADA9 /* Release */ = {
			isa = XCBuildConfiguration;
			buildSettings = {
				BUNDLE_LOADER = "$(TEST_HOST)";
				CODE_SIGN_STYLE = Automatic;
				CURRENT_PROJECT_VERSION = 1;
				GENERATE_INFOPLIST_FILE = YES;
				MARKETING_VERSION = 1.0;
				PRODUCT_BUNDLE_IDENTIFIER = com.andreyantonov.PizzaProjectTests;
				PRODUCT_NAME = "$(TARGET_NAME)";
				SWIFT_EMIT_LOC_STRINGS = NO;
				SWIFT_VERSION = 5.0;
				TARGETED_DEVICE_FAMILY = "1,2";
				TEST_HOST = "$(BUILT_PRODUCTS_DIR)/PizzaProject.app/$(BUNDLE_EXECUTABLE_FOLDER_PATH)/PizzaProject";
			};
			name = Release;
		};
		49DFCAB02E2D2AC800BB2112 /* Debug */ = {
			isa = XCBuildConfiguration;
			buildSettings = {
				ASSETCATALOG_COMPILER_APPICON_NAME = AppIcon;
				ASSETCATALOG_COMPILER_GLOBAL_ACCENT_COLOR_NAME = AccentColor;
				CODE_SIGN_STYLE = Automatic;
				CURRENT_PROJECT_VERSION = 1;
				GENERATE_INFOPLIST_FILE = YES;
				INFOPLIST_FILE = "dodo-base/Resources/Info.plist";
				INFOPLIST_KEY_CFBundleDisplayName = PizzaProject;
				INFOPLIST_KEY_UIApplicationSupportsIndirectInputEvents = YES;
				INFOPLIST_KEY_UILaunchStoryboardName = LaunchScreen;
				INFOPLIST_KEY_UIMainStoryboardFile = Main;
				INFOPLIST_KEY_UISupportedInterfaceOrientations_iPad = "UIInterfaceOrientationPortrait UIInterfaceOrientationPortraitUpsideDown UIInterfaceOrientationLandscapeLeft UIInterfaceOrientationLandscapeRight";
				INFOPLIST_KEY_UISupportedInterfaceOrientations_iPhone = "UIInterfaceOrientationPortrait UIInterfaceOrientationLandscapeLeft UIInterfaceOrientationLandscapeRight";
				IPHONEOS_DEPLOYMENT_TARGET = 17.6;
				LD_RUNPATH_SEARCH_PATHS = (
					"$(inherited)",
					"@executable_path/Frameworks",
				);
				MARKETING_VERSION = 1.0;
				PRODUCT_BUNDLE_IDENTIFIER = com.andreyantonov.PizzaProject;
				PRODUCT_NAME = "$(TARGET_NAME)";
				SWIFT_EMIT_LOC_STRINGS = YES;
				SWIFT_VERSION = 5.0;
				TARGETED_DEVICE_FAMILY = "1,2";
			};
			name = Debug;
		};
		49DFCAB12E2D2AC800BB2112 /* Release */ = {
			isa = XCBuildConfiguration;
			buildSettings = {
				ASSETCATALOG_COMPILER_APPICON_NAME = AppIcon;
				ASSETCATALOG_COMPILER_GLOBAL_ACCENT_COLOR_NAME = AccentColor;
				CODE_SIGN_STYLE = Automatic;
				CURRENT_PROJECT_VERSION = 1;
				GENERATE_INFOPLIST_FILE = YES;
				INFOPLIST_FILE = "dodo-base/Resources/Info.plist";
				INFOPLIST_KEY_CFBundleDisplayName = PizzaProject;
				INFOPLIST_KEY_UIApplicationSupportsIndirectInputEvents = YES;
				INFOPLIST_KEY_UILaunchStoryboardName = LaunchScreen;
				INFOPLIST_KEY_UIMainStoryboardFile = Main;
				INFOPLIST_KEY_UISupportedInterfaceOrientations_iPad = "UIInterfaceOrientationPortrait UIInterfaceOrientationPortraitUpsideDown UIInterfaceOrientationLandscapeLeft UIInterfaceOrientationLandscapeRight";
				INFOPLIST_KEY_UISupportedInterfaceOrientations_iPhone = "UIInterfaceOrientationPortrait UIInterfaceOrientationLandscapeLeft UIInterfaceOrientationLandscapeRight";
				IPHONEOS_DEPLOYMENT_TARGET = 17.6;
				LD_RUNPATH_SEARCH_PATHS = (
					"$(inherited)",
					"@executable_path/Frameworks",
				);
				MARKETING_VERSION = 1.0;
				PRODUCT_BUNDLE_IDENTIFIER = com.andreyantonov.PizzaProject;
				PRODUCT_NAME = "$(TARGET_NAME)";
				SWIFT_EMIT_LOC_STRINGS = YES;
				SWIFT_VERSION = 5.0;
				TARGETED_DEVICE_FAMILY = "1,2";
			};
			name = Release;
		};
		49DFCAB22E2D2AC800BB2112 /* Debug */ = {
			isa = XCBuildConfiguration;
			buildSettings = {
				ALWAYS_SEARCH_USER_PATHS = NO;
				ASSETCATALOG_COMPILER_GENERATE_SWIFT_ASSET_SYMBOL_EXTENSIONS = YES;
				CLANG_ANALYZER_NONNULL = YES;
				CLANG_ANALYZER_NUMBER_OBJECT_CONVERSION = YES_AGGRESSIVE;
				CLANG_CXX_LANGUAGE_STANDARD = "gnu++20";
				CLANG_ENABLE_MODULES = YES;
				CLANG_ENABLE_OBJC_ARC = YES;
				CLANG_ENABLE_OBJC_WEAK = YES;
				CLANG_WARN_BLOCK_CAPTURE_AUTORELEASING = YES;
				CLANG_WARN_BOOL_CONVERSION = YES;
				CLANG_WARN_COMMA = YES;
				CLANG_WARN_CONSTANT_CONVERSION = YES;
				CLANG_WARN_DEPRECATED_OBJC_IMPLEMENTATIONS = YES;
				CLANG_WARN_DIRECT_OBJC_ISA_USAGE = YES_ERROR;
				CLANG_WARN_DOCUMENTATION_COMMENTS = YES;
				CLANG_WARN_EMPTY_BODY = YES;
				CLANG_WARN_ENUM_CONVERSION = YES;
				CLANG_WARN_INFINITE_RECURSION = YES;
				CLANG_WARN_INT_CONVERSION = YES;
				CLANG_WARN_NON_LITERAL_NULL_CONVERSION = YES;
				CLANG_WARN_OBJC_IMPLICIT_RETAIN_SELF = YES;
				CLANG_WARN_OBJC_LITERAL_CONVERSION = YES;
				CLANG_WARN_OBJC_ROOT_CLASS = YES_ERROR;
				CLANG_WARN_QUOTED_INCLUDE_IN_FRAMEWORK_HEADER = YES;
				CLANG_WARN_RANGE_LOOP_ANALYSIS = YES;
				CLANG_WARN_STRICT_PROTOTYPES = YES;
				CLANG_WARN_SUSPICIOUS_MOVE = YES;
				CLANG_WARN_UNGUARDED_AVAILABILITY = YES_AGGRESSIVE;
				CLANG_WARN_UNREACHABLE_CODE = YES;
				CLANG_WARN__DUPLICATE_METHOD_MATCH = YES;
				COPY_PHASE_STRIP = NO;
				DEBUG_INFORMATION_FORMAT = dwarf;
				ENABLE_STRICT_OBJC_MSGSEND = YES;
				ENABLE_TESTABILITY = YES;
				ENABLE_USER_SCRIPT_SANDBOXING = YES;
				GCC_C_LANGUAGE_STANDARD = gnu17;
				GCC_DYNAMIC_NO_PIC = NO;
				GCC_NO_COMMON_BLOCKS = YES;
				GCC_OPTIMIZATION_LEVEL = 0;
				GCC_PREPROCESSOR_DEFINITIONS = (
					"DEBUG=1",
					"$(inherited)",
				);
				GCC_WARN_64_TO_32_BIT_CONVERSION = YES;
				GCC_WARN_ABOUT_RETURN_TYPE = YES_ERROR;
				GCC_WARN_UNDECLARED_SELECTOR = YES;
				GCC_WARN_UNINITIALIZED_AUTOS = YES_AGGRESSIVE;
				GCC_WARN_UNUSED_FUNCTION = YES;
				GCC_WARN_UNUSED_VARIABLE = YES;
				IPHONEOS_DEPLOYMENT_TARGET = 18.5;
				LOCALIZATION_PREFERS_STRING_CATALOGS = YES;
				MTL_ENABLE_DEBUG_INFO = INCLUDE_SOURCE;
				MTL_FAST_MATH = YES;
				ONLY_ACTIVE_ARCH = YES;
				SDKROOT = iphoneos;
				SWIFT_ACTIVE_COMPILATION_CONDITIONS = "DEBUG $(inherited)";
				SWIFT_OPTIMIZATION_LEVEL = "-Onone";
			};
			name = Debug;
		};
		49DFCAB32E2D2AC800BB2112 /* Release */ = {
			isa = XCBuildConfiguration;
			buildSettings = {
				ALWAYS_SEARCH_USER_PATHS = NO;
				ASSETCATALOG_COMPILER_GENERATE_SWIFT_ASSET_SYMBOL_EXTENSIONS = YES;
				CLANG_ANALYZER_NONNULL = YES;
				CLANG_ANALYZER_NUMBER_OBJECT_CONVERSION = YES_AGGRESSIVE;
				CLANG_CXX_LANGUAGE_STANDARD = "gnu++20";
				CLANG_ENABLE_MODULES = YES;
				CLANG_ENABLE_OBJC_ARC = YES;
				CLANG_ENABLE_OBJC_WEAK = YES;
				CLANG_WARN_BLOCK_CAPTURE_AUTORELEASING = YES;
				CLANG_WARN_BOOL_CONVERSION = YES;
				CLANG_WARN_COMMA = YES;
				CLANG_WARN_CONSTANT_CONVERSION = YES;
				CLANG_WARN_DEPRECATED_OBJC_IMPLEMENTATIONS = YES;
				CLANG_WARN_DIRECT_OBJC_ISA_USAGE = YES_ERROR;
				CLANG_WARN_DOCUMENTATION_COMMENTS = YES;
				CLANG_WARN_EMPTY_BODY = YES;
				CLANG_WARN_ENUM_CONVERSION = YES;
				CLANG_WARN_INFINITE_RECURSION = YES;
				CLANG_WARN_INT_CONVERSION = YES;
				CLANG_WARN_NON_LITERAL_NULL_CONVERSION = YES;
				CLANG_WARN_OBJC_IMPLICIT_RETAIN_SELF = YES;
				CLANG_WARN_OBJC_LITERAL_CONVERSION = YES;
				CLANG_WARN_OBJC_ROOT_CLASS = YES_ERROR;
				CLANG_WARN_QUOTED_INCLUDE_IN_FRAMEWORK_HEADER = YES;
				CLANG_WARN_RANGE_LOOP_ANALYSIS = YES;
				CLANG_WARN_STRICT_PROTOTYPES = YES;
				CLANG_WARN_SUSPICIOUS_MOVE = YES;
				CLANG_WARN_UNGUARDED_AVAILABILITY = YES_AGGRESSIVE;
				CLANG_WARN_UNREACHABLE_CODE = YES;
				CLANG_WARN__DUPLICATE_METHOD_MATCH = YES;
				COPY_PHASE_STRIP = NO;
				DEBUG_INFORMATION_FORMAT = "dwarf-with-dsym";
				ENABLE_NS_ASSERTIONS = NO;
				ENABLE_STRICT_OBJC_MSGSEND = YES;
				ENABLE_USER_SCRIPT_SANDBOXING = YES;
				GCC_C_LANGUAGE_STANDARD = gnu17;
				GCC_NO_COMMON_BLOCKS = YES;
				GCC_WARN_64_TO_32_BIT_CONVERSION = YES;
				GCC_WARN_ABOUT_RETURN_TYPE = YES_ERROR;
				GCC_WARN_UNDECLARED_SELECTOR = YES;
				GCC_WARN_UNINITIALIZED_AUTOS = YES_AGGRESSIVE;
				GCC_WARN_UNUSED_FUNCTION = YES;
				GCC_WARN_UNUSED_VARIABLE = YES;
				IPHONEOS_DEPLOYMENT_TARGET = 18.5;
				LOCALIZATION_PREFERS_STRING_CATALOGS = YES;
				MTL_ENABLE_DEBUG_INFO = NO;
				MTL_FAST_MATH = YES;
				SDKROOT = iphoneos;
				SWIFT_COMPILATION_MODE = wholemodule;
				VALIDATE_PRODUCT = YES;
			};
			name = Release;
		};
/* End XCBuildConfiguration section */

/* Begin XCConfigurationList section */
		494EF6262ED6155E00B9ADA9 /* Build configuration list for PBXNativeTarget "PizzaProjectTests" */ = {
			isa = XCConfigurationList;
			buildConfigurations = (
				494EF6272ED6155E00B9ADA9 /* Debug */,
				494EF6282ED6155E00B9ADA9 /* Release */,
			);
			defaultConfigurationIsVisible = 0;
			defaultConfigurationName = Release;
		};
		49DFCA972E2D2AC600BB2112 /* Build configuration list for PBXProject "pizzaProject" */ = {
			isa = XCConfigurationList;
			buildConfigurations = (
				49DFCAB22E2D2AC800BB2112 /* Debug */,
				49DFCAB32E2D2AC800BB2112 /* Release */,
			);
			defaultConfigurationIsVisible = 0;
			defaultConfigurationName = Release;
		};
		49DFCAAF2E2D2AC800BB2112 /* Build configuration list for PBXNativeTarget "PizzaProject" */ = {
			isa = XCConfigurationList;
			buildConfigurations = (
				49DFCAB02E2D2AC800BB2112 /* Debug */,
				49DFCAB12E2D2AC800BB2112 /* Release */,
			);
			defaultConfigurationIsVisible = 0;
			defaultConfigurationName = Release;
		};
/* End XCConfigurationList section */

/* Begin XCRemoteSwiftPackageReference section */
		490CE3B42E2FE64D00ED209A /* XCRemoteSwiftPackageReference "SnapKit" */ = {
			isa = XCRemoteSwiftPackageReference;
			repositoryURL = "https://github.com/SnapKit/SnapKit.git";
			requirement = {
				kind = upToNextMajorVersion;
				minimumVersion = 5.7.1;
			};
		};
		4950AA022E9EBDCF008B10D0 /* XCRemoteSwiftPackageReference "Kingfisher" */ = {
			isa = XCRemoteSwiftPackageReference;
			repositoryURL = "https://github.com/onevcat/Kingfisher.git";
			requirement = {
				kind = upToNextMajorVersion;
				minimumVersion = 8.6.0;
			};
		};
/* End XCRemoteSwiftPackageReference section */

/* Begin XCSwiftPackageProductDependency section */
		490CE3B52E2FE64D00ED209A /* SnapKit */ = {
			isa = XCSwiftPackageProductDependency;
			package = 490CE3B42E2FE64D00ED209A /* XCRemoteSwiftPackageReference "SnapKit" */;
			productName = SnapKit;
		};
		4950AA032E9EBDCF008B10D0 /* Kingfisher */ = {
			isa = XCSwiftPackageProductDependency;
			package = 4950AA022E9EBDCF008B10D0 /* XCRemoteSwiftPackageReference "Kingfisher" */;
			productName = Kingfisher;
		};
/* End XCSwiftPackageProductDependency section */
	};
	rootObject = 49DFCA942E2D2AC600BB2112 /* Project object */;
}
