// !$*UTF8*$!
{
	archiveVersion = 1;
	classes = {
	};
	objectVersion = 77;
	objects = {

/* Begin PBXBuildFile section */
		490998312E957037009ABC1D /* DependencyContainer.swift in Sources */ = {isa = PBXBuildFile; fileRef = 490998302E957037009ABC1D /* DependencyContainer.swift */; };
		490CE3B62E2FE64D00ED209A /* SnapKit in Frameworks */ = {isa = PBXBuildFile; productRef = 490CE3B52E2FE64D00ED209A /* SnapKit */; };
		490CE4372E314FF100ED209A /* AppDelegate.swift in Sources */ = {isa = PBXBuildFile; fileRef = 490CE4222E314FF100ED209A /* AppDelegate.swift */; };
		490CE4382E314FF100ED209A /* SceneDelegate.swift in Sources */ = {isa = PBXBuildFile; fileRef = 490CE4232E314FF100ED209A /* SceneDelegate.swift */; };
		490CE4392E314FF100ED209A /* ProductCell.swift in Sources */ = {isa = PBXBuildFile; fileRef = 490CE4252E314FF100ED209A /* ProductCell.swift */; };
		490CE43A2E314FF100ED209A /* MenuScreenVC.swift in Sources */ = {isa = PBXBuildFile; fileRef = 490CE4272E314FF100ED209A /* MenuScreenVC.swift */; };
		490CE43B2E314FF100ED209A /* Product.swift in Sources */ = {isa = PBXBuildFile; fileRef = 490CE4292E314FF100ED209A /* Product.swift */; };
		490CE4512E31505600ED209A /* Assets.xcassets in Resources */ = {isa = PBXBuildFile; fileRef = 490CE44A2E31505600ED209A /* Assets.xcassets */; };
		490CE4532E31505600ED209A /* LaunchScreen.storyboard in Resources */ = {isa = PBXBuildFile; fileRef = 490CE44D2E31505600ED209A /* LaunchScreen.storyboard */; };
		490CE4542E31505600ED209A /* Main.storyboard in Resources */ = {isa = PBXBuildFile; fileRef = 490CE44F2E31505600ED209A /* Main.storyboard */; };
		491261202E3CF3280044ADB7 /* TypeCollectionCell.swift in Sources */ = {isa = PBXBuildFile; fileRef = 4912611F2E3CF3280044ADB7 /* TypeCollectionCell.swift */; };
		491261342E3CF8FF0044ADB7 /* TypeCell.swift in Sources */ = {isa = PBXBuildFile; fileRef = 491261332E3CF8FF0044ADB7 /* TypeCell.swift */; };
		4923E9072E542E6900C6E94D /* Extra.swift in Sources */ = {isa = PBXBuildFile; fileRef = 4923E9062E542E6900C6E94D /* Extra.swift */; };
		4923E9162E56326600C6E94D /* OrderButtonView.swift in Sources */ = {isa = PBXBuildFile; fileRef = 4923E9142E56326600C6E94D /* OrderButtonView.swift */; };
		4923E9182E56380200C6E94D /* PriceButton.swift in Sources */ = {isa = PBXBuildFile; fileRef = 4923E9172E56380200C6E94D /* PriceButton.swift */; };
		4923E9462E57913300C6E94D /* BasketVC.swift in Sources */ = {isa = PBXBuildFile; fileRef = 4923E9452E57913300C6E94D /* BasketVC.swift */; };
		4923E94C2E5792C100C6E94D /* UITableView+dequeueCell.swift in Sources */ = {isa = PBXBuildFile; fileRef = 4923E9482E5792C100C6E94D /* UITableView+dequeueCell.swift */; };
		4923E94D2E5792C100C6E94D /* UITableViewCell+reuseID.swift in Sources */ = {isa = PBXBuildFile; fileRef = 4923E9492E5792C100C6E94D /* UITableViewCell+reuseID.swift */; };
		4923E94E2E5792C100C6E94D /* UIView+shadow.swift in Sources */ = {isa = PBXBuildFile; fileRef = 4923E94A2E5792C100C6E94D /* UIView+shadow.swift */; };
		4923E9552E5792C600C6E94D /* BannerService.swift in Sources */ = {isa = PBXBuildFile; fileRef = 4923E94F2E5792C600C6E94D /* BannerService.swift */; };
		4923E9562E5792C600C6E94D /* ExtraService.swift in Sources */ = {isa = PBXBuildFile; fileRef = 4923E9502E5792C600C6E94D /* ExtraService.swift */; };
		4923E9572E5792C600C6E94D /* ProductService.swift in Sources */ = {isa = PBXBuildFile; fileRef = 4923E9512E5792C600C6E94D /* ProductService.swift */; };
		4923E9582E5792C600C6E94D /* StoriesService.swift in Sources */ = {isa = PBXBuildFile; fileRef = 4923E9522E5792C600C6E94D /* StoriesService.swift */; };
		4923E9592E5792C600C6E94D /* TypeService.swift in Sources */ = {isa = PBXBuildFile; fileRef = 4923E9532E5792C600C6E94D /* TypeService.swift */; };
		4923E9622E5792DD00C6E94D /* ExtrasCell.swift in Sources */ = {isa = PBXBuildFile; fileRef = 4923E95A2E5792DD00C6E94D /* ExtrasCell.swift */; };
		4923E9632E5792DD00C6E94D /* ExtrasCollectionCell.swift in Sources */ = {isa = PBXBuildFile; fileRef = 4923E95B2E5792DD00C6E94D /* ExtrasCollectionCell.swift */; };
		4923E9642E5792DD00C6E94D /* OptionsPizzaCell.swift in Sources */ = {isa = PBXBuildFile; fileRef = 4923E95C2E5792DD00C6E94D /* OptionsPizzaCell.swift */; };
		4923E9652E5792DD00C6E94D /* PizzaImageCell.swift in Sources */ = {isa = PBXBuildFile; fileRef = 4923E95D2E5792DD00C6E94D /* PizzaImageCell.swift */; };
		4923E9662E5792DD00C6E94D /* PizzaInfoCell.swift in Sources */ = {isa = PBXBuildFile; fileRef = 4923E95E2E5792DD00C6E94D /* PizzaInfoCell.swift */; };
		4923E9672E5792DD00C6E94D /* DetailProductVC.swift in Sources */ = {isa = PBXBuildFile; fileRef = 4923E9602E5792DD00C6E94D /* DetailProductVC.swift */; };
		4923E96A2E5B250B00C6E94D /* BasketCell.swift in Sources */ = {isa = PBXBuildFile; fileRef = 4923E9692E5B250B00C6E94D /* BasketCell.swift */; };
		4923E96C2E5B2AC500C6E94D /* BasketStepper.swift in Sources */ = {isa = PBXBuildFile; fileRef = 4923E96B2E5B2AC500C6E94D /* BasketStepper.swift */; };
		4923E9722E5B533000C6E94D /* AddProductCell.swift in Sources */ = {isa = PBXBuildFile; fileRef = 4923E9712E5B533000C6E94D /* AddProductCell.swift */; };
		4923E9742E5B534200C6E94D /* AddProductCollectionCell.swift in Sources */ = {isa = PBXBuildFile; fileRef = 4923E9732E5B534200C6E94D /* AddProductCollectionCell.swift */; };
		4923E9762E5B88FE00C6E94D /* BasketButtonView.swift in Sources */ = {isa = PBXBuildFile; fileRef = 4923E9752E5B88FE00C6E94D /* BasketButtonView.swift */; };
		4950AA042E9EBDCF008B10D0 /* Kingfisher in Frameworks */ = {isa = PBXBuildFile; productRef = 4950AA032E9EBDCF008B10D0 /* Kingfisher */; };
		495C51092E3A77AD00CF27AA /* BannerCell.swift in Sources */ = {isa = PBXBuildFile; fileRef = 495C51082E3A77AD00CF27AA /* BannerCell.swift */; };
		495C510B2E3A808D00CF27AA /* BannerCollectionCell.swift in Sources */ = {isa = PBXBuildFile; fileRef = 495C510A2E3A808D00CF27AA /* BannerCollectionCell.swift */; };
		497A1F052E672955006B02A3 /* AddressButton.swift in Sources */ = {isa = PBXBuildFile; fileRef = 497A1F042E672955006B02A3 /* AddressButton.swift */; };
		497A1F082E673267006B02A3 /* MapVC.swift in Sources */ = {isa = PBXBuildFile; fileRef = 497A1F072E673267006B02A3 /* MapVC.swift */; };
		497A1F0B2E673388006B02A3 /* AddressPanelView.swift in Sources */ = {isa = PBXBuildFile; fileRef = 497A1F0A2E673388006B02A3 /* AddressPanelView.swift */; };
		497A1F0D2E6733FD006B02A3 /* AddressView.swift in Sources */ = {isa = PBXBuildFile; fileRef = 497A1F0C2E6733FD006B02A3 /* AddressView.swift */; };
		497A1F0F2E67363B006B02A3 /* AddressSaveButton.swift in Sources */ = {isa = PBXBuildFile; fileRef = 497A1F0E2E67363B006B02A3 /* AddressSaveButton.swift */; };
		497A1F122E673B0F006B02A3 /* LocationService.swift in Sources */ = {isa = PBXBuildFile; fileRef = 497A1F112E673B0F006B02A3 /* LocationService.swift */; };
		497A1F142E673B18006B02A3 /* GeocodeService.swift in Sources */ = {isa = PBXBuildFile; fileRef = 497A1F132E673B18006B02A3 /* GeocodeService.swift */; };
		498793362E65C55F00487C10 /* Basket.swift in Sources */ = {isa = PBXBuildFile; fileRef = 498793352E65C55F00487C10 /* Basket.swift */; };
		498793382E65C60C00487C10 /* BasketService.swift in Sources */ = {isa = PBXBuildFile; fileRef = 498793372E65C60C00487C10 /* BasketService.swift */; };
		49B361842E4518D2009952BB /* Type.swift in Sources */ = {isa = PBXBuildFile; fileRef = 49B361832E4518D2009952BB /* Type.swift */; };
		49B3619F2E464139009952BB /* Banner.swift in Sources */ = {isa = PBXBuildFile; fileRef = 49B3619E2E464139009952BB /* Banner.swift */; };
		49BFC5D42E8EE0DF007D812B /* HTTPClient.swift in Sources */ = {isa = PBXBuildFile; fileRef = 49BFC5D32E8EE0DF007D812B /* HTTPClient.swift */; };
		49BFC5D62E8EE77E007D812B /* ProductsLoader.swift in Sources */ = {isa = PBXBuildFile; fileRef = 49BFC5D52E8EE77E007D812B /* ProductsLoader.swift */; };
		49C33DC92E477C6500CD5D5E /* Story.swift in Sources */ = {isa = PBXBuildFile; fileRef = 49C33DC82E477C6500CD5D5E /* Story.swift */; };
		49DDC9792E7FFAFF00AD5698 /* NetworkError.swift in Sources */ = {isa = PBXBuildFile; fileRef = 49DDC9782E7FFAFF00AD5698 /* NetworkError.swift */; };
		49E03DB52E7469E4003351BF /* UIImage+resized.swift in Sources */ = {isa = PBXBuildFile; fileRef = 49E03DB42E7469E4003351BF /* UIImage+resized.swift */; };
		49E03DB72E746A29003351BF /* UIImage+tintedColor.swift in Sources */ = {isa = PBXBuildFile; fileRef = 49E03DB62E746A29003351BF /* UIImage+tintedColor.swift */; };
		49FA27A12E4659A900FD2FBB /* StoriesCell.swift in Sources */ = {isa = PBXBuildFile; fileRef = 49FA27A02E4659A900FD2FBB /* StoriesCell.swift */; };
		49FA27A32E4659F300FD2FBB /* StoriesCollectionCell.swift in Sources */ = {isa = PBXBuildFile; fileRef = 49FA27A22E4659F300FD2FBB /* StoriesCollectionCell.swift */; };
/* End PBXBuildFile section */

/* Begin PBXFileReference section */
		490998302E957037009ABC1D /* DependencyContainer.swift */ = {isa = PBXFileReference; lastKnownFileType = sourcecode.swift; path = DependencyContainer.swift; sourceTree = "<group>"; };
		490CE4222E314FF100ED209A /* AppDelegate.swift */ = {isa = PBXFileReference; lastKnownFileType = sourcecode.swift; path = AppDelegate.swift; sourceTree = "<group>"; };
		490CE4232E314FF100ED209A /* SceneDelegate.swift */ = {isa = PBXFileReference; lastKnownFileType = sourcecode.swift; path = SceneDelegate.swift; sourceTree = "<group>"; };
		490CE4252E314FF100ED209A /* ProductCell.swift */ = {isa = PBXFileReference; lastKnownFileType = sourcecode.swift; path = ProductCell.swift; sourceTree = "<group>"; };
		490CE4272E314FF100ED209A /* MenuScreenVC.swift */ = {isa = PBXFileReference; lastKnownFileType = sourcecode.swift; path = MenuScreenVC.swift; sourceTree = "<group>"; };
		490CE4292E314FF100ED209A /* Product.swift */ = {isa = PBXFileReference; lastKnownFileType = sourcecode.swift; path = Product.swift; sourceTree = "<group>"; };
		490CE44A2E31505600ED209A /* Assets.xcassets */ = {isa = PBXFileReference; lastKnownFileType = folder.assetcatalog; path = Assets.xcassets; sourceTree = "<group>"; };
		490CE44B2E31505600ED209A /* Info.plist */ = {isa = PBXFileReference; lastKnownFileType = text.plist.xml; path = Info.plist; sourceTree = "<group>"; };
		490CE44C2E31505600ED209A /* Base */ = {isa = PBXFileReference; lastKnownFileType = file.storyboard; name = Base; path = Base.lproj/LaunchScreen.storyboard; sourceTree = "<group>"; };
		490CE44E2E31505600ED209A /* Base */ = {isa = PBXFileReference; lastKnownFileType = file.storyboard; name = Base; path = Base.lproj/Main.storyboard; sourceTree = "<group>"; };
		4912611F2E3CF3280044ADB7 /* TypeCollectionCell.swift */ = {isa = PBXFileReference; lastKnownFileType = sourcecode.swift; path = TypeCollectionCell.swift; sourceTree = "<group>"; };
		491261332E3CF8FF0044ADB7 /* TypeCell.swift */ = {isa = PBXFileReference; lastKnownFileType = sourcecode.swift; path = TypeCell.swift; sourceTree = "<group>"; };
		4923E9062E542E6900C6E94D /* Extra.swift */ = {isa = PBXFileReference; lastKnownFileType = sourcecode.swift; path = Extra.swift; sourceTree = "<group>"; };
		4923E9142E56326600C6E94D /* OrderButtonView.swift */ = {isa = PBXFileReference; lastKnownFileType = sourcecode.swift; path = OrderButtonView.swift; sourceTree = "<group>"; };
		4923E9172E56380200C6E94D /* PriceButton.swift */ = {isa = PBXFileReference; lastKnownFileType = sourcecode.swift; path = PriceButton.swift; sourceTree = "<group>"; };
		4923E9452E57913300C6E94D /* BasketVC.swift */ = {isa = PBXFileReference; lastKnownFileType = sourcecode.swift; path = BasketVC.swift; sourceTree = "<group>"; };
		4923E9482E5792C100C6E94D /* UITableView+dequeueCell.swift */ = {isa = PBXFileReference; lastKnownFileType = sourcecode.swift; path = "UITableView+dequeueCell.swift"; sourceTree = "<group>"; };
		4923E9492E5792C100C6E94D /* UITableViewCell+reuseID.swift */ = {isa = PBXFileReference; lastKnownFileType = sourcecode.swift; path = "UITableViewCell+reuseID.swift"; sourceTree = "<group>"; };
		4923E94A2E5792C100C6E94D /* UIView+shadow.swift */ = {isa = PBXFileReference; lastKnownFileType = sourcecode.swift; path = "UIView+shadow.swift"; sourceTree = "<group>"; };
		4923E94F2E5792C600C6E94D /* BannerService.swift */ = {isa = PBXFileReference; lastKnownFileType = sourcecode.swift; path = BannerService.swift; sourceTree = "<group>"; };
		4923E9502E5792C600C6E94D /* ExtraService.swift */ = {isa = PBXFileReference; lastKnownFileType = sourcecode.swift; path = ExtraService.swift; sourceTree = "<group>"; };
		4923E9512E5792C600C6E94D /* ProductService.swift */ = {isa = PBXFileReference; lastKnownFileType = sourcecode.swift; path = ProductService.swift; sourceTree = "<group>"; };
		4923E9522E5792C600C6E94D /* StoriesService.swift */ = {isa = PBXFileReference; lastKnownFileType = sourcecode.swift; path = StoriesService.swift; sourceTree = "<group>"; };
		4923E9532E5792C600C6E94D /* TypeService.swift */ = {isa = PBXFileReference; lastKnownFileType = sourcecode.swift; path = TypeService.swift; sourceTree = "<group>"; };
		4923E95A2E5792DD00C6E94D /* ExtrasCell.swift */ = {isa = PBXFileReference; lastKnownFileType = sourcecode.swift; path = ExtrasCell.swift; sourceTree = "<group>"; };
		4923E95B2E5792DD00C6E94D /* ExtrasCollectionCell.swift */ = {isa = PBXFileReference; lastKnownFileType = sourcecode.swift; path = ExtrasCollectionCell.swift; sourceTree = "<group>"; };
		4923E95C2E5792DD00C6E94D /* OptionsPizzaCell.swift */ = {isa = PBXFileReference; lastKnownFileType = sourcecode.swift; path = OptionsPizzaCell.swift; sourceTree = "<group>"; };
		4923E95D2E5792DD00C6E94D /* PizzaImageCell.swift */ = {isa = PBXFileReference; lastKnownFileType = sourcecode.swift; path = PizzaImageCell.swift; sourceTree = "<group>"; };
		4923E95E2E5792DD00C6E94D /* PizzaInfoCell.swift */ = {isa = PBXFileReference; lastKnownFileType = sourcecode.swift; path = PizzaInfoCell.swift; sourceTree = "<group>"; };
		4923E9602E5792DD00C6E94D /* DetailProductVC.swift */ = {isa = PBXFileReference; lastKnownFileType = sourcecode.swift; path = DetailProductVC.swift; sourceTree = "<group>"; };
		4923E9692E5B250B00C6E94D /* BasketCell.swift */ = {isa = PBXFileReference; lastKnownFileType = sourcecode.swift; path = BasketCell.swift; sourceTree = "<group>"; };
		4923E96B2E5B2AC500C6E94D /* BasketStepper.swift */ = {isa = PBXFileReference; lastKnownFileType = sourcecode.swift; path = BasketStepper.swift; sourceTree = "<group>"; };
		4923E9712E5B533000C6E94D /* AddProductCell.swift */ = {isa = PBXFileReference; lastKnownFileType = sourcecode.swift; path = AddProductCell.swift; sourceTree = "<group>"; };
		4923E9732E5B534200C6E94D /* AddProductCollectionCell.swift */ = {isa = PBXFileReference; lastKnownFileType = sourcecode.swift; path = AddProductCollectionCell.swift; sourceTree = "<group>"; };
		4923E9752E5B88FE00C6E94D /* BasketButtonView.swift */ = {isa = PBXFileReference; lastKnownFileType = sourcecode.swift; path = BasketButtonView.swift; sourceTree = "<group>"; };
		495C51082E3A77AD00CF27AA /* BannerCell.swift */ = {isa = PBXFileReference; lastKnownFileType = sourcecode.swift; path = BannerCell.swift; sourceTree = "<group>"; };
		495C510A2E3A808D00CF27AA /* BannerCollectionCell.swift */ = {isa = PBXFileReference; lastKnownFileType = sourcecode.swift; path = BannerCollectionCell.swift; sourceTree = "<group>"; };
		497A1F042E672955006B02A3 /* AddressButton.swift */ = {isa = PBXFileReference; lastKnownFileType = sourcecode.swift; path = AddressButton.swift; sourceTree = "<group>"; };
		497A1F072E673267006B02A3 /* MapVC.swift */ = {isa = PBXFileReference; lastKnownFileType = sourcecode.swift; path = MapVC.swift; sourceTree = "<group>"; };
		497A1F0A2E673388006B02A3 /* AddressPanelView.swift */ = {isa = PBXFileReference; lastKnownFileType = sourcecode.swift; path = AddressPanelView.swift; sourceTree = "<group>"; };
		497A1F0C2E6733FD006B02A3 /* AddressView.swift */ = {isa = PBXFileReference; lastKnownFileType = sourcecode.swift; path = AddressView.swift; sourceTree = "<group>"; };
		497A1F0E2E67363B006B02A3 /* AddressSaveButton.swift */ = {isa = PBXFileReference; lastKnownFileType = sourcecode.swift; path = AddressSaveButton.swift; sourceTree = "<group>"; };
		497A1F112E673B0F006B02A3 /* LocationService.swift */ = {isa = PBXFileReference; lastKnownFileType = sourcecode.swift; path = LocationService.swift; sourceTree = "<group>"; };
		497A1F132E673B18006B02A3 /* GeocodeService.swift */ = {isa = PBXFileReference; lastKnownFileType = sourcecode.swift; path = GeocodeService.swift; sourceTree = "<group>"; };
		498793352E65C55F00487C10 /* Basket.swift */ = {isa = PBXFileReference; lastKnownFileType = sourcecode.swift; path = Basket.swift; sourceTree = "<group>"; };
		498793372E65C60C00487C10 /* BasketService.swift */ = {isa = PBXFileReference; lastKnownFileType = sourcecode.swift; path = BasketService.swift; sourceTree = "<group>"; };
		49B361832E4518D2009952BB /* Type.swift */ = {isa = PBXFileReference; lastKnownFileType = sourcecode.swift; path = Type.swift; sourceTree = "<group>"; };
		49B3619E2E464139009952BB /* Banner.swift */ = {isa = PBXFileReference; lastKnownFileType = sourcecode.swift; path = Banner.swift; sourceTree = "<group>"; };
		49BFC5D32E8EE0DF007D812B /* HTTPClient.swift */ = {isa = PBXFileReference; lastKnownFileType = sourcecode.swift; path = HTTPClient.swift; sourceTree = "<group>"; };
		49BFC5D52E8EE77E007D812B /* ProductsLoader.swift */ = {isa = PBXFileReference; lastKnownFileType = sourcecode.swift; path = ProductsLoader.swift; sourceTree = "<group>"; };
		49C33DC82E477C6500CD5D5E /* Story.swift */ = {isa = PBXFileReference; lastKnownFileType = sourcecode.swift; path = Story.swift; sourceTree = "<group>"; };
		49DDC9782E7FFAFF00AD5698 /* NetworkError.swift */ = {isa = PBXFileReference; lastKnownFileType = sourcecode.swift; path = NetworkError.swift; sourceTree = "<group>"; };
		49DFCA9C2E2D2AC600BB2112 /* UIKitHomework.app */ = {isa = PBXFileReference; explicitFileType = wrapper.application; includeInIndex = 0; path = UIKitHomework.app; sourceTree = BUILT_PRODUCTS_DIR; };
		49E03DB42E7469E4003351BF /* UIImage+resized.swift */ = {isa = PBXFileReference; lastKnownFileType = sourcecode.swift; path = "UIImage+resized.swift"; sourceTree = "<group>"; };
		49E03DB62E746A29003351BF /* UIImage+tintedColor.swift */ = {isa = PBXFileReference; lastKnownFileType = sourcecode.swift; path = "UIImage+tintedColor.swift"; sourceTree = "<group>"; };
		49FA27A02E4659A900FD2FBB /* StoriesCell.swift */ = {isa = PBXFileReference; lastKnownFileType = sourcecode.swift; path = StoriesCell.swift; sourceTree = "<group>"; };
		49FA27A22E4659F300FD2FBB /* StoriesCollectionCell.swift */ = {isa = PBXFileReference; lastKnownFileType = sourcecode.swift; path = StoriesCollectionCell.swift; sourceTree = "<group>"; };
/* End PBXFileReference section */

/* Begin PBXFrameworksBuildPhase section */
		49DFCA992E2D2AC600BB2112 /* Frameworks */ = {
			isa = PBXFrameworksBuildPhase;
			buildActionMask = 2147483647;
			files = (
				4950AA042E9EBDCF008B10D0 /* Kingfisher in Frameworks */,
				490CE3B62E2FE64D00ED209A /* SnapKit in Frameworks */,
			);
			runOnlyForDeploymentPostprocessing = 0;
		};
/* End PBXFrameworksBuildPhase section */

/* Begin PBXGroup section */
		4909982F2E957000009ABC1D /* DI */ = {
			isa = PBXGroup;
			children = (
				490998302E957037009ABC1D /* DependencyContainer.swift */,
			);
			path = DI;
			sourceTree = "<group>";
		};
		490CE4242E314FF100ED209A /* App */ = {
			isa = PBXGroup;
			children = (
				490CE4222E314FF100ED209A /* AppDelegate.swift */,
				490CE4232E314FF100ED209A /* SceneDelegate.swift */,
			);
			path = App;
			sourceTree = "<group>";
		};
		490CE4262E314FF100ED209A /* Cells */ = {
			isa = PBXGroup;
			children = (
				490CE4252E314FF100ED209A /* ProductCell.swift */,
				491261332E3CF8FF0044ADB7 /* TypeCell.swift */,
				4912611F2E3CF3280044ADB7 /* TypeCollectionCell.swift */,
				495C51082E3A77AD00CF27AA /* BannerCell.swift */,
				495C510A2E3A808D00CF27AA /* BannerCollectionCell.swift */,
				49FA27A02E4659A900FD2FBB /* StoriesCell.swift */,
				49FA27A22E4659F300FD2FBB /* StoriesCollectionCell.swift */,
			);
			path = Cells;
			sourceTree = "<group>";
		};
		490CE4282E314FF100ED209A /* Menu */ = {
			isa = PBXGroup;
			children = (
				490CE4272E314FF100ED209A /* MenuScreenVC.swift */,
				490CE4262E314FF100ED209A /* Cells */,
			);
			path = Menu;
			sourceTree = "<group>";
		};
		490CE42A2E314FF100ED209A /* Models */ = {
			isa = PBXGroup;
			children = (
				490CE4292E314FF100ED209A /* Product.swift */,
				49B361832E4518D2009952BB /* Type.swift */,
				49B3619E2E464139009952BB /* Banner.swift */,
				49C33DC82E477C6500CD5D5E /* Story.swift */,
				4923E9062E542E6900C6E94D /* Extra.swift */,
				498793352E65C55F00487C10 /* Basket.swift */,
			);
			path = Models;
			sourceTree = "<group>";
		};
		490CE42B2E314FF100ED209A /* Screens */ = {
			isa = PBXGroup;
			children = (
				497A1F062E673241006B02A3 /* Map */,
				490CE4282E314FF100ED209A /* Menu */,
				4923E9612E5792DD00C6E94D /* Detail */,
				4923E9442E57911800C6E94D /* Basket */,
			);
			path = Screens;
			sourceTree = "<group>";
		};
		490CE4322E314FF100ED209A /* dodo-base */ = {
			isa = PBXGroup;
			children = (
				490CE4242E314FF100ED209A /* App */,
				4909982F2E957000009ABC1D /* DI */,
				490CE42B2E314FF100ED209A /* Screens */,
				490CE42A2E314FF100ED209A /* Models */,
				4923E9542E5792C600C6E94D /* Services */,
				4923E9152E56326600C6E94D /* Components */,
				490CE4502E31505600ED209A /* Resources */,
				4923E94B2E5792C100C6E94D /* Extensions */,
			);
			path = "dodo-base";
			sourceTree = "<group>";
		};
		490CE4502E31505600ED209A /* Resources */ = {
			isa = PBXGroup;
			children = (
				490CE44A2E31505600ED209A /* Assets.xcassets */,
				490CE44B2E31505600ED209A /* Info.plist */,
				490CE44D2E31505600ED209A /* LaunchScreen.storyboard */,
				490CE44F2E31505600ED209A /* Main.storyboard */,
			);
			path = Resources;
			sourceTree = "<group>";
		};
		4923E9152E56326600C6E94D /* Components */ = {
			isa = PBXGroup;
			children = (
				4923E9142E56326600C6E94D /* OrderButtonView.swift */,
				4923E9172E56380200C6E94D /* PriceButton.swift */,
				4923E9752E5B88FE00C6E94D /* BasketButtonView.swift */,
				497A1F042E672955006B02A3 /* AddressButton.swift */,
			);
			path = Components;
			sourceTree = "<group>";
		};
		4923E9442E57911800C6E94D /* Basket */ = {
			isa = PBXGroup;
			children = (
				4923E9682E5B24AF00C6E94D /* Cells */,
				4923E9452E57913300C6E94D /* BasketVC.swift */,
				4923E96B2E5B2AC500C6E94D /* BasketStepper.swift */,
			);
			path = Basket;
			sourceTree = "<group>";
		};
		4923E94B2E5792C100C6E94D /* Extensions */ = {
			isa = PBXGroup;
			children = (
				4923E9482E5792C100C6E94D /* UITableView+dequeueCell.swift */,
				4923E9492E5792C100C6E94D /* UITableViewCell+reuseID.swift */,
				4923E94A2E5792C100C6E94D /* UIView+shadow.swift */,
				49E03DB42E7469E4003351BF /* UIImage+resized.swift */,
				49E03DB62E746A29003351BF /* UIImage+tintedColor.swift */,
			);
			path = Extensions;
			sourceTree = "<group>";
		};
		4923E9542E5792C600C6E94D /* Services */ = {
			isa = PBXGroup;
			children = (
				49BFC5D22E8EE0BA007D812B /* NetworkingLayer */,
				4923E94F2E5792C600C6E94D /* BannerService.swift */,
				4923E9502E5792C600C6E94D /* ExtraService.swift */,
				4923E9512E5792C600C6E94D /* ProductService.swift */,
				4923E9522E5792C600C6E94D /* StoriesService.swift */,
				4923E9532E5792C600C6E94D /* TypeService.swift */,
				498793372E65C60C00487C10 /* BasketService.swift */,
				49DDC9782E7FFAFF00AD5698 /* NetworkError.swift */,
			);
			path = Services;
			sourceTree = "<group>";
		};
		4923E95F2E5792DD00C6E94D /* Cells */ = {
			isa = PBXGroup;
			children = (
				4923E95A2E5792DD00C6E94D /* ExtrasCell.swift */,
				4923E95B2E5792DD00C6E94D /* ExtrasCollectionCell.swift */,
				4923E95C2E5792DD00C6E94D /* OptionsPizzaCell.swift */,
				4923E95D2E5792DD00C6E94D /* PizzaImageCell.swift */,
				4923E95E2E5792DD00C6E94D /* PizzaInfoCell.swift */,
			);
			path = Cells;
			sourceTree = "<group>";
		};
		4923E9612E5792DD00C6E94D /* Detail */ = {
			isa = PBXGroup;
			children = (
				4923E95F2E5792DD00C6E94D /* Cells */,
				4923E9602E5792DD00C6E94D /* DetailProductVC.swift */,
			);
			path = Detail;
			sourceTree = "<group>";
		};
		4923E9682E5B24AF00C6E94D /* Cells */ = {
			isa = PBXGroup;
			children = (
				4923E9692E5B250B00C6E94D /* BasketCell.swift */,
				4923E9712E5B533000C6E94D /* AddProductCell.swift */,
				4923E9732E5B534200C6E94D /* AddProductCollectionCell.swift */,
			);
			path = Cells;
			sourceTree = "<group>";
		};
		497A1F062E673241006B02A3 /* Map */ = {
			isa = PBXGroup;
			children = (
				497A1F072E673267006B02A3 /* MapVC.swift */,
				497A1F092E6732C8006B02A3 /* MapViews */,
			);
			path = Map;
			sourceTree = "<group>";
		};
		497A1F092E6732C8006B02A3 /* MapViews */ = {
			isa = PBXGroup;
			children = (
				497A1F0A2E673388006B02A3 /* AddressPanelView.swift */,
				497A1F0C2E6733FD006B02A3 /* AddressView.swift */,
				497A1F0E2E67363B006B02A3 /* AddressSaveButton.swift */,
				497A1F102E673AFC006B02A3 /* Service */,
			);
			path = MapViews;
			sourceTree = "<group>";
		};
		497A1F102E673AFC006B02A3 /* Service */ = {
			isa = PBXGroup;
			children = (
				497A1F112E673B0F006B02A3 /* LocationService.swift */,
				497A1F132E673B18006B02A3 /* GeocodeService.swift */,
			);
			path = Service;
			sourceTree = "<group>";
		};
		49BFC5D22E8EE0BA007D812B /* NetworkingLayer */ = {
			isa = PBXGroup;
			children = (
				49BFC5D32E8EE0DF007D812B /* HTTPClient.swift */,
				49BFC5D52E8EE77E007D812B /* ProductsLoader.swift */,
			);
			path = NetworkingLayer;
			sourceTree = "<group>";
		};
		49DFCA932E2D2AC600BB2112 = {
			isa = PBXGroup;
			children = (
				490CE4322E314FF100ED209A /* dodo-base */,
				49DFCA9D2E2D2AC600BB2112 /* Products */,
			);
			sourceTree = "<group>";
		};
		49DFCA9D2E2D2AC600BB2112 /* Products */ = {
			isa = PBXGroup;
			children = (
				49DFCA9C2E2D2AC600BB2112 /* UIKitHomework.app */,
			);
			name = Products;
			sourceTree = "<group>";
		};
/* End PBXGroup section */

/* Begin PBXNativeTarget section */
		49DFCA9B2E2D2AC600BB2112 /* UIKitHomework */ = {
			isa = PBXNativeTarget;
			buildConfigurationList = 49DFCAAF2E2D2AC800BB2112 /* Build configuration list for PBXNativeTarget "UIKitHomework" */;
			buildPhases = (
				49DFCA982E2D2AC600BB2112 /* Sources */,
				49DFCA992E2D2AC600BB2112 /* Frameworks */,
				49DFCA9A2E2D2AC600BB2112 /* Resources */,
			);
			buildRules = (
			);
			dependencies = (
			);
			name = UIKitHomework;
			packageProductDependencies = (
				490CE3B52E2FE64D00ED209A /* SnapKit */,
				4950AA032E9EBDCF008B10D0 /* Kingfisher */,
			);
			productName = UIKitHomework;
			productReference = 49DFCA9C2E2D2AC600BB2112 /* UIKitHomework.app */;
			productType = "com.apple.product-type.application";
		};
/* End PBXNativeTarget section */

/* Begin PBXProject section */
		49DFCA942E2D2AC600BB2112 /* Project object */ = {
			isa = PBXProject;
			attributes = {
				BuildIndependentTargetsInParallel = 1;
				LastSwiftUpdateCheck = 1640;
				LastUpgradeCheck = 1640;
				TargetAttributes = {
					49DFCA9B2E2D2AC600BB2112 = {
						CreatedOnToolsVersion = 16.4;
					};
				};
			};
			buildConfigurationList = 49DFCA972E2D2AC600BB2112 /* Build configuration list for PBXProject "pizzaProject" */;
			developmentRegion = en;
			hasScannedForEncodings = 0;
			knownRegions = (
				en,
				Base,
			);
			mainGroup = 49DFCA932E2D2AC600BB2112;
			minimizedProjectReferenceProxies = 1;
			packageReferences = (
				490CE3B42E2FE64D00ED209A /* XCRemoteSwiftPackageReference "SnapKit" */,
				4950AA022E9EBDCF008B10D0 /* XCRemoteSwiftPackageReference "Kingfisher" */,
			);
			preferredProjectObjectVersion = 77;
			productRefGroup = 49DFCA9D2E2D2AC600BB2112 /* Products */;
			projectDirPath = "";
			projectRoot = "";
			targets = (
				49DFCA9B2E2D2AC600BB2112 /* UIKitHomework */,
			);
		};
/* End PBXProject section */

/* Begin PBXResourcesBuildPhase section */
		49DFCA9A2E2D2AC600BB2112 /* Resources */ = {
			isa = PBXResourcesBuildPhase;
			buildActionMask = 2147483647;
			files = (
				490CE4512E31505600ED209A /* Assets.xcassets in Resources */,
				490CE4532E31505600ED209A /* LaunchScreen.storyboard in Resources */,
				490CE4542E31505600ED209A /* Main.storyboard in Resources */,
			);
			runOnlyForDeploymentPostprocessing = 0;
		};
/* End PBXResourcesBuildPhase section */

/* Begin PBXSourcesBuildPhase section */
		49DFCA982E2D2AC600BB2112 /* Sources */ = {
			isa = PBXSourcesBuildPhase;
			buildActionMask = 2147483647;
			files = (
				497A1F0B2E673388006B02A3 /* AddressPanelView.swift in Sources */,
				4923E9552E5792C600C6E94D /* BannerService.swift in Sources */,
				49BFC5D62E8EE77E007D812B /* ProductsLoader.swift in Sources */,
				49E03DB72E746A29003351BF /* UIImage+tintedColor.swift in Sources */,
				4923E9762E5B88FE00C6E94D /* BasketButtonView.swift in Sources */,
				4923E9562E5792C600C6E94D /* ExtraService.swift in Sources */,
				490998312E957037009ABC1D /* DependencyContainer.swift in Sources */,
				4923E9572E5792C600C6E94D /* ProductService.swift in Sources */,
				4923E9582E5792C600C6E94D /* StoriesService.swift in Sources */,
				498793362E65C55F00487C10 /* Basket.swift in Sources */,
				497A1F122E673B0F006B02A3 /* LocationService.swift in Sources */,
				4923E9592E5792C600C6E94D /* TypeService.swift in Sources */,
				497A1F082E673267006B02A3 /* MapVC.swift in Sources */,
				495C510B2E3A808D00CF27AA /* BannerCollectionCell.swift in Sources */,
				497A1F052E672955006B02A3 /* AddressButton.swift in Sources */,
				490CE4372E314FF100ED209A /* AppDelegate.swift in Sources */,
				490CE4382E314FF100ED209A /* SceneDelegate.swift in Sources */,
				4923E9622E5792DD00C6E94D /* ExtrasCell.swift in Sources */,
				4923E96C2E5B2AC500C6E94D /* BasketStepper.swift in Sources */,
				4923E9632E5792DD00C6E94D /* ExtrasCollectionCell.swift in Sources */,
				4923E9642E5792DD00C6E94D /* OptionsPizzaCell.swift in Sources */,
				4923E9652E5792DD00C6E94D /* PizzaImageCell.swift in Sources */,
				49E03DB52E7469E4003351BF /* UIImage+resized.swift in Sources */,
				4923E9662E5792DD00C6E94D /* PizzaInfoCell.swift in Sources */,
				49DDC9792E7FFAFF00AD5698 /* NetworkError.swift in Sources */,
				4923E9672E5792DD00C6E94D /* DetailProductVC.swift in Sources */,
				498793382E65C60C00487C10 /* BasketService.swift in Sources */,
				4923E9742E5B534200C6E94D /* AddProductCollectionCell.swift in Sources */,
				495C51092E3A77AD00CF27AA /* BannerCell.swift in Sources */,
				4923E9722E5B533000C6E94D /* AddProductCell.swift in Sources */,
				490CE4392E314FF100ED209A /* ProductCell.swift in Sources */,
				490CE43A2E314FF100ED209A /* MenuScreenVC.swift in Sources */,
				49FA27A12E4659A900FD2FBB /* StoriesCell.swift in Sources */,
				49BFC5D42E8EE0DF007D812B /* HTTPClient.swift in Sources */,
				497A1F0D2E6733FD006B02A3 /* AddressView.swift in Sources */,
				491261202E3CF3280044ADB7 /* TypeCollectionCell.swift in Sources */,
				4923E9162E56326600C6E94D /* OrderButtonView.swift in Sources */,
				491261342E3CF8FF0044ADB7 /* TypeCell.swift in Sources */,
				497A1F0F2E67363B006B02A3 /* AddressSaveButton.swift in Sources */,
				49C33DC92E477C6500CD5D5E /* Story.swift in Sources */,
				49B361842E4518D2009952BB /* Type.swift in Sources */,
				4923E96A2E5B250B00C6E94D /* BasketCell.swift in Sources */,
				4923E9182E56380200C6E94D /* PriceButton.swift in Sources */,
				49FA27A32E4659F300FD2FBB /* StoriesCollectionCell.swift in Sources */,
				497A1F142E673B18006B02A3 /* GeocodeService.swift in Sources */,
				4923E9462E57913300C6E94D /* BasketVC.swift in Sources */,
				49B3619F2E464139009952BB /* Banner.swift in Sources */,
				4923E94C2E5792C100C6E94D /* UITableView+dequeueCell.swift in Sources */,
				4923E94D2E5792C100C6E94D /* UITableViewCell+reuseID.swift in Sources */,
				4923E94E2E5792C100C6E94D /* UIView+shadow.swift in Sources */,
				4923E9072E542E6900C6E94D /* Extra.swift in Sources */,
				490CE43B2E314FF100ED209A /* Product.swift in Sources */,
			);
			runOnlyForDeploymentPostprocessing = 0;
		};
/* End PBXSourcesBuildPhase section */

/* Begin PBXVariantGroup section */
		490CE44D2E31505600ED209A /* LaunchScreen.storyboard */ = {
			isa = PBXVariantGroup;
			children = (
				490CE44C2E31505600ED209A /* Base */,
			);
			name = LaunchScreen.storyboard;
			sourceTree = "<group>";
		};
		490CE44F2E31505600ED209A /* Main.storyboard */ = {
			isa = PBXVariantGroup;
			children = (
				490CE44E2E31505600ED209A /* Base */,
			);
			name = Main.storyboard;
			sourceTree = "<group>";
		};
/* End PBXVariantGroup section */

/* Begin XCBuildConfiguration section */
		49DFCAB02E2D2AC800BB2112 /* Debug */ = {
			isa = XCBuildConfiguration;
			buildSettings = {
				ASSETCATALOG_COMPILER_APPICON_NAME = AppIcon;
				ASSETCATALOG_COMPILER_GLOBAL_ACCENT_COLOR_NAME = AccentColor;
				CODE_SIGN_STYLE = Automatic;
				CURRENT_PROJECT_VERSION = 1;
				GENERATE_INFOPLIST_FILE = YES;
				INFOPLIST_FILE = "dodo-base/Resources/Info.plist";
				INFOPLIST_KEY_UIApplicationSupportsIndirectInputEvents = YES;
				INFOPLIST_KEY_UILaunchStoryboardName = LaunchScreen;
				INFOPLIST_KEY_UIMainStoryboardFile = Main;
				INFOPLIST_KEY_UISupportedInterfaceOrientations_iPad = "UIInterfaceOrientationPortrait UIInterfaceOrientationPortraitUpsideDown UIInterfaceOrientationLandscapeLeft UIInterfaceOrientationLandscapeRight";
				INFOPLIST_KEY_UISupportedInterfaceOrientations_iPhone = "UIInterfaceOrientationPortrait UIInterfaceOrientationLandscapeLeft UIInterfaceOrientationLandscapeRight";
				IPHONEOS_DEPLOYMENT_TARGET = 17.6;
				LD_RUNPATH_SEARCH_PATHS = (
					"$(inherited)",
					"@executable_path/Frameworks",
				);
				MARKETING_VERSION = 1.0;
				PRODUCT_BUNDLE_IDENTIFIER = com.andreyantonov.UIKitHomework;
				PRODUCT_NAME = "$(TARGET_NAME)";
				SWIFT_EMIT_LOC_STRINGS = YES;
				SWIFT_VERSION = 5.0;
				TARGETED_DEVICE_FAMILY = "1,2";
			};
			name = Debug;
		};
		49DFCAB12E2D2AC800BB2112 /* Release */ = {
			isa = XCBuildConfiguration;
			buildSettings = {
				ASSETCATALOG_COMPILER_APPICON_NAME = AppIcon;
				ASSETCATALOG_COMPILER_GLOBAL_ACCENT_COLOR_NAME = AccentColor;
				CODE_SIGN_STYLE = Automatic;
				CURRENT_PROJECT_VERSION = 1;
				GENERATE_INFOPLIST_FILE = YES;
				INFOPLIST_FILE = "dodo-base/Resources/Info.plist";
				INFOPLIST_KEY_UIApplicationSupportsIndirectInputEvents = YES;
				INFOPLIST_KEY_UILaunchStoryboardName = LaunchScreen;
				INFOPLIST_KEY_UIMainStoryboardFile = Main;
				INFOPLIST_KEY_UISupportedInterfaceOrientations_iPad = "UIInterfaceOrientationPortrait UIInterfaceOrientationPortraitUpsideDown UIInterfaceOrientationLandscapeLeft UIInterfaceOrientationLandscapeRight";
				INFOPLIST_KEY_UISupportedInterfaceOrientations_iPhone = "UIInterfaceOrientationPortrait UIInterfaceOrientationLandscapeLeft UIInterfaceOrientationLandscapeRight";
				IPHONEOS_DEPLOYMENT_TARGET = 17.6;
				LD_RUNPATH_SEARCH_PATHS = (
					"$(inherited)",
					"@executable_path/Frameworks",
				);
				MARKETING_VERSION = 1.0;
				PRODUCT_BUNDLE_IDENTIFIER = com.andreyantonov.UIKitHomework;
				PRODUCT_NAME = "$(TARGET_NAME)";
				SWIFT_EMIT_LOC_STRINGS = YES;
				SWIFT_VERSION = 5.0;
				TARGETED_DEVICE_FAMILY = "1,2";
			};
			name = Release;
		};
		49DFCAB22E2D2AC800BB2112 /* Debug */ = {
			isa = XCBuildConfiguration;
			buildSettings = {
				ALWAYS_SEARCH_USER_PATHS = NO;
				ASSETCATALOG_COMPILER_GENERATE_SWIFT_ASSET_SYMBOL_EXTENSIONS = YES;
				CLANG_ANALYZER_NONNULL = YES;
				CLANG_ANALYZER_NUMBER_OBJECT_CONVERSION = YES_AGGRESSIVE;
				CLANG_CXX_LANGUAGE_STANDARD = "gnu++20";
				CLANG_ENABLE_MODULES = YES;
				CLANG_ENABLE_OBJC_ARC = YES;
				CLANG_ENABLE_OBJC_WEAK = YES;
				CLANG_WARN_BLOCK_CAPTURE_AUTORELEASING = YES;
				CLANG_WARN_BOOL_CONVERSION = YES;
				CLANG_WARN_COMMA = YES;
				CLANG_WARN_CONSTANT_CONVERSION = YES;
				CLANG_WARN_DEPRECATED_OBJC_IMPLEMENTATIONS = YES;
				CLANG_WARN_DIRECT_OBJC_ISA_USAGE = YES_ERROR;
				CLANG_WARN_DOCUMENTATION_COMMENTS = YES;
				CLANG_WARN_EMPTY_BODY = YES;
				CLANG_WARN_ENUM_CONVERSION = YES;
				CLANG_WARN_INFINITE_RECURSION = YES;
				CLANG_WARN_INT_CONVERSION = YES;
				CLANG_WARN_NON_LITERAL_NULL_CONVERSION = YES;
				CLANG_WARN_OBJC_IMPLICIT_RETAIN_SELF = YES;
				CLANG_WARN_OBJC_LITERAL_CONVERSION = YES;
				CLANG_WARN_OBJC_ROOT_CLASS = YES_ERROR;
				CLANG_WARN_QUOTED_INCLUDE_IN_FRAMEWORK_HEADER = YES;
				CLANG_WARN_RANGE_LOOP_ANALYSIS = YES;
				CLANG_WARN_STRICT_PROTOTYPES = YES;
				CLANG_WARN_SUSPICIOUS_MOVE = YES;
				CLANG_WARN_UNGUARDED_AVAILABILITY = YES_AGGRESSIVE;
				CLANG_WARN_UNREACHABLE_CODE = YES;
				CLANG_WARN__DUPLICATE_METHOD_MATCH = YES;
				COPY_PHASE_STRIP = NO;
				DEBUG_INFORMATION_FORMAT = dwarf;
				ENABLE_STRICT_OBJC_MSGSEND = YES;
				ENABLE_TESTABILITY = YES;
				ENABLE_USER_SCRIPT_SANDBOXING = YES;
				GCC_C_LANGUAGE_STANDARD = gnu17;
				GCC_DYNAMIC_NO_PIC = NO;
				GCC_NO_COMMON_BLOCKS = YES;
				GCC_OPTIMIZATION_LEVEL = 0;
				GCC_PREPROCESSOR_DEFINITIONS = (
					"DEBUG=1",
					"$(inherited)",
				);
				GCC_WARN_64_TO_32_BIT_CONVERSION = YES;
				GCC_WARN_ABOUT_RETURN_TYPE = YES_ERROR;
				GCC_WARN_UNDECLARED_SELECTOR = YES;
				GCC_WARN_UNINITIALIZED_AUTOS = YES_AGGRESSIVE;
				GCC_WARN_UNUSED_FUNCTION = YES;
				GCC_WARN_UNUSED_VARIABLE = YES;
				IPHONEOS_DEPLOYMENT_TARGET = 18.5;
				LOCALIZATION_PREFERS_STRING_CATALOGS = YES;
				MTL_ENABLE_DEBUG_INFO = INCLUDE_SOURCE;
				MTL_FAST_MATH = YES;
				ONLY_ACTIVE_ARCH = YES;
				SDKROOT = iphoneos;
				SWIFT_ACTIVE_COMPILATION_CONDITIONS = "DEBUG $(inherited)";
				SWIFT_OPTIMIZATION_LEVEL = "-Onone";
			};
			name = Debug;
		};
		49DFCAB32E2D2AC800BB2112 /* Release */ = {
			isa = XCBuildConfiguration;
			buildSettings = {
				ALWAYS_SEARCH_USER_PATHS = NO;
				ASSETCATALOG_COMPILER_GENERATE_SWIFT_ASSET_SYMBOL_EXTENSIONS = YES;
				CLANG_ANALYZER_NONNULL = YES;
				CLANG_ANALYZER_NUMBER_OBJECT_CONVERSION = YES_AGGRESSIVE;
				CLANG_CXX_LANGUAGE_STANDARD = "gnu++20";
				CLANG_ENABLE_MODULES = YES;
				CLANG_ENABLE_OBJC_ARC = YES;
				CLANG_ENABLE_OBJC_WEAK = YES;
				CLANG_WARN_BLOCK_CAPTURE_AUTORELEASING = YES;
				CLANG_WARN_BOOL_CONVERSION = YES;
				CLANG_WARN_COMMA = YES;
				CLANG_WARN_CONSTANT_CONVERSION = YES;
				CLANG_WARN_DEPRECATED_OBJC_IMPLEMENTATIONS = YES;
				CLANG_WARN_DIRECT_OBJC_ISA_USAGE = YES_ERROR;
				CLANG_WARN_DOCUMENTATION_COMMENTS = YES;
				CLANG_WARN_EMPTY_BODY = YES;
				CLANG_WARN_ENUM_CONVERSION = YES;
				CLANG_WARN_INFINITE_RECURSION = YES;
				CLANG_WARN_INT_CONVERSION = YES;
				CLANG_WARN_NON_LITERAL_NULL_CONVERSION = YES;
				CLANG_WARN_OBJC_IMPLICIT_RETAIN_SELF = YES;
				CLANG_WARN_OBJC_LITERAL_CONVERSION = YES;
				CLANG_WARN_OBJC_ROOT_CLASS = YES_ERROR;
				CLANG_WARN_QUOTED_INCLUDE_IN_FRAMEWORK_HEADER = YES;
				CLANG_WARN_RANGE_LOOP_ANALYSIS = YES;
				CLANG_WARN_STRICT_PROTOTYPES = YES;
				CLANG_WARN_SUSPICIOUS_MOVE = YES;
				CLANG_WARN_UNGUARDED_AVAILABILITY = YES_AGGRESSIVE;
				CLANG_WARN_UNREACHABLE_CODE = YES;
				CLANG_WARN__DUPLICATE_METHOD_MATCH = YES;
				COPY_PHASE_STRIP = NO;
				DEBUG_INFORMATION_FORMAT = "dwarf-with-dsym";
				ENABLE_NS_ASSERTIONS = NO;
				ENABLE_STRICT_OBJC_MSGSEND = YES;
				ENABLE_USER_SCRIPT_SANDBOXING = YES;
				GCC_C_LANGUAGE_STANDARD = gnu17;
				GCC_NO_COMMON_BLOCKS = YES;
				GCC_WARN_64_TO_32_BIT_CONVERSION = YES;
				GCC_WARN_ABOUT_RETURN_TYPE = YES_ERROR;
				GCC_WARN_UNDECLARED_SELECTOR = YES;
				GCC_WARN_UNINITIALIZED_AUTOS = YES_AGGRESSIVE;
				GCC_WARN_UNUSED_FUNCTION = YES;
				GCC_WARN_UNUSED_VARIABLE = YES;
				IPHONEOS_DEPLOYMENT_TARGET = 18.5;
				LOCALIZATION_PREFERS_STRING_CATALOGS = YES;
				MTL_ENABLE_DEBUG_INFO = NO;
				MTL_FAST_MATH = YES;
				SDKROOT = iphoneos;
				SWIFT_COMPILATION_MODE = wholemodule;
				VALIDATE_PRODUCT = YES;
			};
			name = Release;
		};
/* End XCBuildConfiguration section */

/* Begin XCConfigurationList section */
		49DFCA972E2D2AC600BB2112 /* Build configuration list for PBXProject "pizzaProject" */ = {
			isa = XCConfigurationList;
			buildConfigurations = (
				49DFCAB22E2D2AC800BB2112 /* Debug */,
				49DFCAB32E2D2AC800BB2112 /* Release */,
			);
			defaultConfigurationIsVisible = 0;
			defaultConfigurationName = Release;
		};
		49DFCAAF2E2D2AC800BB2112 /* Build configuration list for PBXNativeTarget "UIKitHomework" */ = {
			isa = XCConfigurationList;
			buildConfigurations = (
				49DFCAB02E2D2AC800BB2112 /* Debug */,
				49DFCAB12E2D2AC800BB2112 /* Release */,
			);
			defaultConfigurationIsVisible = 0;
			defaultConfigurationName = Release;
		};
/* End XCConfigurationList section */

/* Begin XCRemoteSwiftPackageReference section */
		490CE3B42E2FE64D00ED209A /* XCRemoteSwiftPackageReference "SnapKit" */ = {
			isa = XCRemoteSwiftPackageReference;
			repositoryURL = "https://github.com/SnapKit/SnapKit.git";
			requirement = {
				kind = upToNextMajorVersion;
				minimumVersion = 5.7.1;
			};
		};
		4950AA022E9EBDCF008B10D0 /* XCRemoteSwiftPackageReference "Kingfisher" */ = {
			isa = XCRemoteSwiftPackageReference;
			repositoryURL = "https://github.com/onevcat/Kingfisher.git";
			requirement = {
				kind = upToNextMajorVersion;
				minimumVersion = 8.6.0;
			};
		};
/* End XCRemoteSwiftPackageReference section */

/* Begin XCSwiftPackageProductDependency section */
		490CE3B52E2FE64D00ED209A /* SnapKit */ = {
			isa = XCSwiftPackageProductDependency;
			package = 490CE3B42E2FE64D00ED209A /* XCRemoteSwiftPackageReference "SnapKit" */;
			productName = SnapKit;
		};
		4950AA032E9EBDCF008B10D0 /* Kingfisher */ = {
			isa = XCSwiftPackageProductDependency;
			package = 4950AA022E9EBDCF008B10D0 /* XCRemoteSwiftPackageReference "Kingfisher" */;
			productName = Kingfisher;
		};
/* End XCSwiftPackageProductDependency section */
	};
	rootObject = 49DFCA942E2D2AC600BB2112 /* Project object */;
}
